// !$*UTF8*$!
{
	archiveVersion = 1;
	classes = {
	};
	objectVersion = 56;
	objects = {

/* Begin PBXBuildFile section */
		F6078BA32C5CF1BE00531302 /* EditSetsView.swift in Sources */ = {isa = PBXBuildFile; fileRef = F6078BA22C5CF1BE00531302 /* EditSetsView.swift */; };
		F61476AC2FF82B2A00B4CA74 /* ReportDashboardView.swift in Sources */ = {isa = PBXBuildFile; fileRef = F61476AB2FF82B2A00B4CA74 /* ReportDashboardView.swift */; };
		F6164EAE2C9066860019C0AF /* WorkoutManager.swift in Sources */ = {isa = PBXBuildFile; fileRef = F6164EAD2C9066860019C0AF /* WorkoutManager.swift */; };
		F6180DDB2C5A6D55009A23A7 /* EditNameView.swift in Sources */ = {isa = PBXBuildFile; fileRef = F6180DDA2C5A6D55009A23A7 /* EditNameView.swift */; };
		F6186DF02FFEAF420018B216 /* ExerciseTrackingType.swift in Sources */ = {isa = PBXBuildFile; fileRef = F6186DEF2FFEAF420018B216 /* ExerciseTrackingType.swift */; };
		F6186DF22FFED7BB0018B216 /* ReportExerciseHistorySection.swift in Sources */ = {isa = PBXBuildFile; fileRef = F6186DF12FFED7BB0018B216 /* ReportExerciseHistorySection.swift */; };
		F6186DF42FFEDBCF0018B216 /* ReportExerciseHistoryBuilder.swift in Sources */ = {isa = PBXBuildFile; fileRef = F6186DF32FFEDBCF0018B216 /* ReportExerciseHistoryBuilder.swift */; };
		F6186DF62FFEDBEF0018B216 /* ReportExerciseHistoryViewModel.swift in Sources */ = {isa = PBXBuildFile; fileRef = F6186DF52FFEDBEF0018B216 /* ReportExerciseHistoryViewModel.swift */; };
		F6186DF82FFEDBF10018B216 /* ReportExerciseHistoryView.swift in Sources */ = {isa = PBXBuildFile; fileRef = F6186DF72FFEDBF10018B216 /* ReportExerciseHistoryView.swift */; };
		F62187DD3009158800F73704 /* AppSettings.swift in Sources */ = {isa = PBXBuildFile; fileRef = F62187DC3009158800F73704 /* AppSettings.swift */; };
		F62187DF300915DE00F73704 /* SettingsView.swift in Sources */ = {isa = PBXBuildFile; fileRef = F62187DE300915DE00F73704 /* SettingsView.swift */; };
		F62187E130091D4500F73704 /* UnitFormatter.swift in Sources */ = {isa = PBXBuildFile; fileRef = F62187E030091D4500F73704 /* UnitFormatter.swift */; };
		F625F2AF2FF8F42A0074FE79 /* ReportDashboardViewModel.swift in Sources */ = {isa = PBXBuildFile; fileRef = F625F2AE2FF8F42A0074FE79 /* ReportDashboardViewModel.swift */; };
		F625F2B12FF8F6920074FE79 /* ExerciseStatisticsViewModel.swift in Sources */ = {isa = PBXBuildFile; fileRef = F625F2B02FF8F6920074FE79 /* ExerciseStatisticsViewModel.swift */; };
		F625F2B32FF9273D0074FE79 /* WorkoutReportStatusDisplay.swift in Sources */ = {isa = PBXBuildFile; fileRef = F625F2B22FF9273D0074FE79 /* WorkoutReportStatusDisplay.swift */; };
		F625F2B52FF927A20074FE79 /* ReportsDashboardHeaderView.swift in Sources */ = {isa = PBXBuildFile; fileRef = F625F2B42FF927A20074FE79 /* ReportsDashboardHeaderView.swift */; };
		F625F2B72FF927B80074FE79 /* WorkoutReportCard.swift in Sources */ = {isa = PBXBuildFile; fileRef = F625F2B62FF927B80074FE79 /* WorkoutReportCard.swift */; };
		F625F2B92FF927C90074FE79 /* MonthPickerSheet.swift in Sources */ = {isa = PBXBuildFile; fileRef = F625F2B82FF927C90074FE79 /* MonthPickerSheet.swift */; };
		F625F2BB2FF93A380074FE79 /* ReportDashboardDataBuilder.swift in Sources */ = {isa = PBXBuildFile; fileRef = F625F2BA2FF93A380074FE79 /* ReportDashboardDataBuilder.swift */; };
		F62818452C62408D003642F8 /* ExerciseTypeModel.swift in Sources */ = {isa = PBXBuildFile; fileRef = F62818442C62408D003642F8 /* ExerciseTypeModel.swift */; };
		F62818482C6249B7003642F8 /* ExerciseCategory.swift in Sources */ = {isa = PBXBuildFile; fileRef = F62818472C6249B7003642F8 /* ExerciseCategory.swift */; };
		F630C9512C79E92F00049730 /* AKTextFieldStyle.swift in Sources */ = {isa = PBXBuildFile; fileRef = F630C9502C79E92F00049730 /* AKTextFieldStyle.swift */; };
		F632E90C2C9C2C5C009C7BE1 /* ReportView.swift in Sources */ = {isa = PBXBuildFile; fileRef = F632E90B2C9C2C5C009C7BE1 /* ReportView.swift */; };
		F632E90E2C9C2C6E009C7BE1 /* ReportViewModel.swift in Sources */ = {isa = PBXBuildFile; fileRef = F632E90D2C9C2C6E009C7BE1 /* ReportViewModel.swift */; };
		F6336E1A30011993006ECA08 /* View+KeyboardAccessory.swift in Sources */ = {isa = PBXBuildFile; fileRef = F6336E1930011993006ECA08 /* View+KeyboardAccessory.swift */; };
		F6336E1C300148D9006ECA08 /* ReportMetricInfoView.swift in Sources */ = {isa = PBXBuildFile; fileRef = F6336E1B300148D9006ECA08 /* ReportMetricInfoView.swift */; };
		F6336E1F30016236006ECA08 /* ExerciseInfo.strings in Resources */ = {isa = PBXBuildFile; fileRef = F6336E1D30016236006ECA08 /* ExerciseInfo.strings */; };
		F6336E2230016C13006ECA08 /* BookmarkedExerciseTypeModelDB.swift in Sources */ = {isa = PBXBuildFile; fileRef = F6336E2130016C13006ECA08 /* BookmarkedExerciseTypeModelDB.swift */; };
		F6336E2430016D94006ECA08 /* ExerciseBookmarkFilterButton.swift in Sources */ = {isa = PBXBuildFile; fileRef = F6336E2330016D94006ECA08 /* ExerciseBookmarkFilterButton.swift */; };
		F6336E28300172A0006ECA08 /* ExerciseCatalog.strings in Resources */ = {isa = PBXBuildFile; fileRef = F6336E25300172A0006ECA08 /* ExerciseCatalog.strings */; };
		F64895BB2FE6C67F005B0619 /* NavigationManager.swift in Sources */ = {isa = PBXBuildFile; fileRef = F64895BA2FE6C67F005B0619 /* NavigationManager.swift */; };
		F648969A2FE705F1005B0619 /* AppEnvironment.swift in Sources */ = {isa = PBXBuildFile; fileRef = F64896992FE705F1005B0619 /* AppEnvironment.swift */; };
		F648969C2FE70B13005B0619 /* AppState.swift in Sources */ = {isa = PBXBuildFile; fileRef = F648969B2FE70B13005B0619 /* AppState.swift */; };
		F648969E2FE71522005B0619 /* DatabaseSeeder.swift in Sources */ = {isa = PBXBuildFile; fileRef = F648969D2FE71522005B0619 /* DatabaseSeeder.swift */; };
		F64CF0482FF534F0009FB938 /* LoadingSpinnerView.swift in Sources */ = {isa = PBXBuildFile; fileRef = F64CF0472FF534F0009FB938 /* LoadingSpinnerView.swift */; };
		F64CF04A2FF55BE0009FB938 /* ReportExerciseSetComparisonCell.swift in Sources */ = {isa = PBXBuildFile; fileRef = F64CF0492FF55BE0009FB938 /* ReportExerciseSetComparisonCell.swift */; };
		F64CF04C2FF55BEC009FB938 /* ExerciseStatisticsView.swift in Sources */ = {isa = PBXBuildFile; fileRef = F64CF04B2FF55BEC009FB938 /* ExerciseStatisticsView.swift */; };
		F6536BF42FEB10080041B40B /* WorkoutStatusWidget.swift in Sources */ = {isa = PBXBuildFile; fileRef = F6536BF32FEB10080041B40B /* WorkoutStatusWidget.swift */; };
		F656783D2FF42AE100250F44 /* ReportStatusService.swift in Sources */ = {isa = PBXBuildFile; fileRef = F656783C2FF42AE100250F44 /* ReportStatusService.swift */; };
		F657BEA02FED49F4002E5449 /* DurationPickerSheet.swift in Sources */ = {isa = PBXBuildFile; fileRef = F657BE9F2FED49F4002E5449 /* DurationPickerSheet.swift */; };
		F660FF9F2FFFF9EB00F676BD /* CustomExerciseTypeModelDB.swift in Sources */ = {isa = PBXBuildFile; fileRef = F660FF9E2FFFF9EB00F676BD /* CustomExerciseTypeModelDB.swift */; };
		F660FFA12FFFFA7200F676BD /* CreateCustomExerciseViewModel.swift in Sources */ = {isa = PBXBuildFile; fileRef = F660FFA02FFFFA7200F676BD /* CreateCustomExerciseViewModel.swift */; };
		F660FFA32FFFFA9E00F676BD /* CreateCustomExerciseView.swift in Sources */ = {isa = PBXBuildFile; fileRef = F660FFA22FFFFA9E00F676BD /* CreateCustomExerciseView.swift */; };
		F660FFA52FFFFAB100F676BD /* SelectCustomExerciseCategoryView.swift in Sources */ = {isa = PBXBuildFile; fileRef = F660FFA42FFFFAB100F676BD /* SelectCustomExerciseCategoryView.swift */; };
		F660FFA72FFFFAC400F676BD /* SelectCustomExerciseTrackingTypeView.swift in Sources */ = {isa = PBXBuildFile; fileRef = F660FFA62FFFFAC400F676BD /* SelectCustomExerciseTrackingTypeView.swift */; };
		F660FFA930000D0600F676BD /* ExerciseTypeIconView.swift in Sources */ = {isa = PBXBuildFile; fileRef = F660FFA830000D0600F676BD /* ExerciseTypeIconView.swift */; };
		F66CBE2D2C8DD8A80025B87F /* ReportExerciseModelDB.swift in Sources */ = {isa = PBXBuildFile; fileRef = F66CBE2C2C8DD8A80025B87F /* ReportExerciseModelDB.swift */; };
		F66CBE2F2C8DDEB50025B87F /* ReportSetsModelDB.swift in Sources */ = {isa = PBXBuildFile; fileRef = F66CBE2E2C8DDEB50025B87F /* ReportSetsModelDB.swift */; };
		F66CBE322C8DEA2A0025B87F /* ReportWorkoutModel.swift in Sources */ = {isa = PBXBuildFile; fileRef = F66CBE312C8DEA2A0025B87F /* ReportWorkoutModel.swift */; };
		F66CBE342C8DEBA80025B87F /* ReportExerciseModel.swift in Sources */ = {isa = PBXBuildFile; fileRef = F66CBE332C8DEBA80025B87F /* ReportExerciseModel.swift */; };
		F66CBE362C8DECF10025B87F /* ReportSetsModel.swift in Sources */ = {isa = PBXBuildFile; fileRef = F66CBE352C8DECF10025B87F /* ReportSetsModel.swift */; };
		F677A06C2FFBBCCB00101B33 /* CalendarModels.swift in Sources */ = {isa = PBXBuildFile; fileRef = F677A06B2FFBBCCB00101B33 /* CalendarModels.swift */; };
		F677A06E2FFBBCCC00101B33 /* CalendarDayCell.swift in Sources */ = {isa = PBXBuildFile; fileRef = F677A06D2FFBBCCC00101B33 /* CalendarDayCell.swift */; };
		F677A0702FFBBCCD00101B33 /* CalendarMonthGridView.swift in Sources */ = {isa = PBXBuildFile; fileRef = F677A06F2FFBBCCD00101B33 /* CalendarMonthGridView.swift */; };
		F677A0722FFBBCCE00101B33 /* CalendarMonthPagerView.swift in Sources */ = {isa = PBXBuildFile; fileRef = F677A0712FFBBCCE00101B33 /* CalendarMonthPagerView.swift */; };
		F677A0742FFBBCCF00101B33 /* CalendarView.swift in Sources */ = {isa = PBXBuildFile; fileRef = F677A0732FFBBCCF00101B33 /* CalendarView.swift */; };
		F68D60652C760C4B00783E54 /* CircularProgressView.swift in Sources */ = {isa = PBXBuildFile; fileRef = F68D60642C760C4B00783E54 /* CircularProgressView.swift */; };
		F68D60672C76193500783E54 /* TimeInterval+Utils.swift in Sources */ = {isa = PBXBuildFile; fileRef = F68D60662C76193500783E54 /* TimeInterval+Utils.swift */; };
		F6946BC52C8C5FD300089148 /* ReportWorkoutModelDB.swift in Sources */ = {isa = PBXBuildFile; fileRef = F6946BC42C8C5FD300089148 /* ReportWorkoutModelDB.swift */; };
		F69BD0C82C54F8DA0057080E /* iTrainerApp.swift in Sources */ = {isa = PBXBuildFile; fileRef = F69BD0C72C54F8DA0057080E /* iTrainerApp.swift */; };
		F69BD0CA2C54F8DA0057080E /* ContentView.swift in Sources */ = {isa = PBXBuildFile; fileRef = F69BD0C92C54F8DA0057080E /* ContentView.swift */; };
		F69BD0CE2C54F8DB0057080E /* Assets.xcassets in Resources */ = {isa = PBXBuildFile; fileRef = F69BD0CD2C54F8DB0057080E /* Assets.xcassets */; };
		F69BD0D12C54F8DB0057080E /* Preview Assets.xcassets in Resources */ = {isa = PBXBuildFile; fileRef = F69BD0D02C54F8DB0057080E /* Preview Assets.xcassets */; };
		F69BD0DB2C54F8DB0057080E /* iTrainerTests.swift in Sources */ = {isa = PBXBuildFile; fileRef = F69BD0DA2C54F8DB0057080E /* iTrainerTests.swift */; };
		F69BD0E52C54F8DB0057080E /* iTrainerUITests.swift in Sources */ = {isa = PBXBuildFile; fileRef = F69BD0E42C54F8DB0057080E /* iTrainerUITests.swift */; };
		F69BD0E72C54F8DB0057080E /* iTrainerUITestsLaunchTests.swift in Sources */ = {isa = PBXBuildFile; fileRef = F69BD0E62C54F8DB0057080E /* iTrainerUITestsLaunchTests.swift */; };
		F69BD0FB2C54FB0E0057080E /* MailView.swift in Sources */ = {isa = PBXBuildFile; fileRef = F69BD0FA2C54FB0E0057080E /* MailView.swift */; };
		F69BD0FD2C54FB190057080E /* AKDisabledButtonStyle.swift in Sources */ = {isa = PBXBuildFile; fileRef = F69BD0FC2C54FB190057080E /* AKDisabledButtonStyle.swift */; };
		F69BD0FF2C54FBC10057080E /* View+Utils.swift in Sources */ = {isa = PBXBuildFile; fileRef = F69BD0FE2C54FBC10057080E /* View+Utils.swift */; };
		F69BD11C2C5506B70057080E /* WorkoutListView.swift in Sources */ = {isa = PBXBuildFile; fileRef = F69BD11B2C5506B70057080E /* WorkoutListView.swift */; };
		F69BD11E2C5507200057080E /* DataManagerBackground.swift in Sources */ = {isa = PBXBuildFile; fileRef = F69BD11D2C5507200057080E /* DataManagerBackground.swift */; };
		F69BD1232C550E8F0057080E /* DataContainer.swift in Sources */ = {isa = PBXBuildFile; fileRef = F69BD1222C550E8E0057080E /* DataContainer.swift */; };
		F69BD1252C5519AA0057080E /* DataItemsProtocol.swift in Sources */ = {isa = PBXBuildFile; fileRef = F69BD1242C5519AA0057080E /* DataItemsProtocol.swift */; };
		F69BD1272C551B040057080E /* WorkoutModelDB.swift in Sources */ = {isa = PBXBuildFile; fileRef = F69BD1262C551B040057080E /* WorkoutModelDB.swift */; };
		F69BD12A2C551B270057080E /* WorkoutGroupModelDB.swift in Sources */ = {isa = PBXBuildFile; fileRef = F69BD1292C551B270057080E /* WorkoutGroupModelDB.swift */; };
		F69BD12C2C551B400057080E /* ExerciseModelDB.swift in Sources */ = {isa = PBXBuildFile; fileRef = F69BD12B2C551B400057080E /* ExerciseModelDB.swift */; };
		F69BD12E2C551B4F0057080E /* SetsModelDB.swift in Sources */ = {isa = PBXBuildFile; fileRef = F69BD12D2C551B4F0057080E /* SetsModelDB.swift */; };
		F6A100012D14000100000001 /* exercise_categories.json in Resources */ = {isa = PBXBuildFile; fileRef = F6A100032D14000100000003 /* exercise_categories.json */; };
		F6A100022D14000100000002 /* exercises.json in Resources */ = {isa = PBXBuildFile; fileRef = F6A100042D14000100000004 /* exercises.json */; };
		F6A100082D15000100000008 /* exercise_info.json in Resources */ = {isa = PBXBuildFile; fileRef = F6A100072D15000100000007 /* exercise_info.json */; };
		F6A1000D2D1500010000000D /* Localizable.strings in Resources */ = {isa = PBXBuildFile; fileRef = F6A1000C2D1500010000000C /* Localizable.strings */; };
		F6AB65A92FEAAB0500DE8066 /* DesignSystem.swift in Sources */ = {isa = PBXBuildFile; fileRef = F6AB65A82FEAAB0500DE8066 /* DesignSystem.swift */; };
		F6AB65AB2FEAB07500DE8066 /* ExerciseCatalogDetailView.swift in Sources */ = {isa = PBXBuildFile; fileRef = F6AB65AA2FEAB07500DE8066 /* ExerciseCatalogDetailView.swift */; };
		F6B9B2292C96BF3B00115CEA /* LifecycleLogger.swift in Sources */ = {isa = PBXBuildFile; fileRef = F6B9B2282C96BF3B00115CEA /* LifecycleLogger.swift */; };
		F6B9B22B2C98593200115CEA /* ReportSetsCell.swift in Sources */ = {isa = PBXBuildFile; fileRef = F6B9B22A2C98593200115CEA /* ReportSetsCell.swift */; };
		F6C821C92C6FA2FF00A64CD1 /* SelectExerciseBarView.swift in Sources */ = {isa = PBXBuildFile; fileRef = F6C821C82C6FA2FF00A64CD1 /* SelectExerciseBarView.swift */; };
		F6CB130B2C9B171300B9FCFC /* ReportsCalendarView.swift in Sources */ = {isa = PBXBuildFile; fileRef = F6CB130A2C9B171300B9FCFC /* ReportsCalendarView.swift */; };
		F6CB130D2C9B172700B9FCFC /* ReportsCalendarViewModel.swift in Sources */ = {isa = PBXBuildFile; fileRef = F6CB130C2C9B172700B9FCFC /* ReportsCalendarViewModel.swift */; };
		F6CB13132C9B2F2F00B9FCFC /* Date+Utils.swift in Sources */ = {isa = PBXBuildFile; fileRef = F6CB13122C9B2F2F00B9FCFC /* Date+Utils.swift */; };
		F6CB903F2C77687E002529A6 /* ExerciseEditView.swift in Sources */ = {isa = PBXBuildFile; fileRef = F6CB903E2C77687E002529A6 /* ExerciseEditView.swift */; };
		F6CB90412C7768ED002529A6 /* ExerciseEditViewModel.swift in Sources */ = {isa = PBXBuildFile; fileRef = F6CB90402C7768ED002529A6 /* ExerciseEditViewModel.swift */; };
		F6CB90432C7794BF002529A6 /* SetEditCell.swift in Sources */ = {isa = PBXBuildFile; fileRef = F6CB90422C7794BF002529A6 /* SetEditCell.swift */; };
		F6CCEE062FFD27A300686CFB /* LocalNotificationManager.swift in Sources */ = {isa = PBXBuildFile; fileRef = F6CCEE052FFD27A300686CFB /* LocalNotificationManager.swift */; };
		F6CCEE082FFD374000686CFB /* ExerciseStatisticsExpandedChartView.swift in Sources */ = {isa = PBXBuildFile; fileRef = F6CCEE072FFD374000686CFB /* ExerciseStatisticsExpandedChartView.swift */; };
		F6CCEE0A2FFD547000686CFB /* HiddenExerciseCell.swift in Sources */ = {isa = PBXBuildFile; fileRef = F6CCEE092FFD547000686CFB /* HiddenExerciseCell.swift */; };
		F6CCEE0C2FFD547B00686CFB /* HiddenExercisesView.swift in Sources */ = {isa = PBXBuildFile; fileRef = F6CCEE0B2FFD547B00686CFB /* HiddenExercisesView.swift */; };
		F6CF519A3007DEF500D35E28 /* ExerciseItemKind.swift in Sources */ = {isa = PBXBuildFile; fileRef = F6CF51993007DEF500D35E28 /* ExerciseItemKind.swift */; };
		F6CF519C3007E3B700D35E28 /* ExerciseItemHelpers.swift in Sources */ = {isa = PBXBuildFile; fileRef = F6CF519B3007E3B700D35E28 /* ExerciseItemHelpers.swift */; };
		F6CF519E3007EABB00D35E28 /* SupersetCell.swift in Sources */ = {isa = PBXBuildFile; fileRef = F6CF519D3007EABB00D35E28 /* SupersetCell.swift */; };
		F6CF51A03007EC2A00D35E28 /* SupersetEditViewModel.swift in Sources */ = {isa = PBXBuildFile; fileRef = F6CF519F3007EC2A00D35E28 /* SupersetEditViewModel.swift */; };
		F6CF51A23007EC3F00D35E28 /* SupersetExercisePickerView.swift in Sources */ = {isa = PBXBuildFile; fileRef = F6CF51A13007EC3F00D35E28 /* SupersetExercisePickerView.swift */; };
		F6CF51A43007EC7200D35E28 /* SupersetEditView.swift in Sources */ = {isa = PBXBuildFile; fileRef = F6CF51A33007EC7200D35E28 /* SupersetEditView.swift */; };
		F6DD68AB2C64FF71004EFB03 /* ExerciseTypeView.swift in Sources */ = {isa = PBXBuildFile; fileRef = F6DD68AA2C64FF71004EFB03 /* ExerciseTypeView.swift */; };
		F6DD68AD2C6503C9004EFB03 /* ExerciseTypeCell.swift in Sources */ = {isa = PBXBuildFile; fileRef = F6DD68AC2C6503C9004EFB03 /* ExerciseTypeCell.swift */; };
		F6DD68AF2C65050A004EFB03 /* ExerciseTypeViewModel.swift in Sources */ = {isa = PBXBuildFile; fileRef = F6DD68AE2C65050A004EFB03 /* ExerciseTypeViewModel.swift */; };
		F6DD68B12C650CAE004EFB03 /* ExerciseCategoryView.swift in Sources */ = {isa = PBXBuildFile; fileRef = F6DD68B02C650CAE004EFB03 /* ExerciseCategoryView.swift */; };
		F6E13B57301145EA0003970A /* SettingsViewModel.swift in Sources */ = {isa = PBXBuildFile; fileRef = F6E13B56301145EA0003970A /* SettingsViewModel.swift */; };
		F6E4161F2C7F982500E77EB4 /* Distance+Utils.swift in Sources */ = {isa = PBXBuildFile; fileRef = F6E4161E2C7F982500E77EB4 /* Distance+Utils.swift */; };
		F6EA7BCA2C578BAF005225A0 /* WorkoutListViewModel.swift in Sources */ = {isa = PBXBuildFile; fileRef = F6EA7BC92C578BAF005225A0 /* WorkoutListViewModel.swift */; };
		F6EA7BCC2C579333005225A0 /* WorkoutModel.swift in Sources */ = {isa = PBXBuildFile; fileRef = F6EA7BCB2C579332005225A0 /* WorkoutModel.swift */; };
		F6EA7BCE2C57ACEF005225A0 /* WorkoutGroupModel.swift in Sources */ = {isa = PBXBuildFile; fileRef = F6EA7BCD2C57ACEF005225A0 /* WorkoutGroupModel.swift */; };
		F6EA7BD02C57AD03005225A0 /* ExerciseModel.swift in Sources */ = {isa = PBXBuildFile; fileRef = F6EA7BCF2C57AD03005225A0 /* ExerciseModel.swift */; };
		F6EA7BD22C57AD17005225A0 /* SetsModel.swift in Sources */ = {isa = PBXBuildFile; fileRef = F6EA7BD12C57AD17005225A0 /* SetsModel.swift */; };
		F6EA7BD42C57B2A3005225A0 /* WorkoutGroupListView.swift in Sources */ = {isa = PBXBuildFile; fileRef = F6EA7BD32C57B2A3005225A0 /* WorkoutGroupListView.swift */; };
		F6EA7BD62C57B2C4005225A0 /* WorkoutGroupListViewModel.swift in Sources */ = {isa = PBXBuildFile; fileRef = F6EA7BD52C57B2C4005225A0 /* WorkoutGroupListViewModel.swift */; };
		F6EA7BD82C57D898005225A0 /* WorkoutListCell.swift in Sources */ = {isa = PBXBuildFile; fileRef = F6EA7BD72C57D898005225A0 /* WorkoutListCell.swift */; };
		F6EA7BDA2C57DA0F005225A0 /* WorkoutGroupCell.swift in Sources */ = {isa = PBXBuildFile; fileRef = F6EA7BD92C57DA0F005225A0 /* WorkoutGroupCell.swift */; };
		F6EA7BDC2C57DDF0005225A0 /* ExerciseListView.swift in Sources */ = {isa = PBXBuildFile; fileRef = F6EA7BDB2C57DDF0005225A0 /* ExerciseListView.swift */; };
		F6EA7BDE2C57DE6F005225A0 /* ExerciseCell.swift in Sources */ = {isa = PBXBuildFile; fileRef = F6EA7BDD2C57DE6F005225A0 /* ExerciseCell.swift */; };
		F6EA7BE02C57DEF6005225A0 /* ExerciseListViewModel.swift in Sources */ = {isa = PBXBuildFile; fileRef = F6EA7BDF2C57DEF6005225A0 /* ExerciseListViewModel.swift */; };
		F6EA7BE22C57F324005225A0 /* ExerciseView.swift in Sources */ = {isa = PBXBuildFile; fileRef = F6EA7BE12C57F324005225A0 /* ExerciseView.swift */; };
		F6EA7BE42C57F6F9005225A0 /* ExerciseViewModel.swift in Sources */ = {isa = PBXBuildFile; fileRef = F6EA7BE32C57F6F9005225A0 /* ExerciseViewModel.swift */; };
		F6EA7BE62C57F861005225A0 /* SetsCell.swift in Sources */ = {isa = PBXBuildFile; fileRef = F6EA7BE52C57F861005225A0 /* SetsCell.swift */; };
		F6F1E08D2C9DCA3500C1419A /* ReportExerciseCell.swift in Sources */ = {isa = PBXBuildFile; fileRef = F6F1E08C2C9DCA3500C1419A /* ReportExerciseCell.swift */; };
		F6F1E08F2CA07B7200C1419A /* ReportExerciseView.swift in Sources */ = {isa = PBXBuildFile; fileRef = F6F1E08E2CA07B7200C1419A /* ReportExerciseView.swift */; };
		F6F1E0912CA07B8700C1419A /* ReportExerciseViewModel.swift in Sources */ = {isa = PBXBuildFile; fileRef = F6F1E0902CA07B8700C1419A /* ReportExerciseViewModel.swift */; };
		F6F4CF282C6B71D600A5BBA9 /* ExerciseTypeListView.swift in Sources */ = {isa = PBXBuildFile; fileRef = F6F4CF272C6B71D600A5BBA9 /* ExerciseTypeListView.swift */; };
/* End PBXBuildFile section */

/* Begin PBXContainerItemProxy section */
		F69BD0D72C54F8DB0057080E /* PBXContainerItemProxy */ = {
			isa = PBXContainerItemProxy;
			containerPortal = F69BD0BC2C54F8DA0057080E /* Project object */;
			proxyType = 1;
			remoteGlobalIDString = F69BD0C32C54F8DA0057080E;
			remoteInfo = iTrainer;
		};
		F69BD0E12C54F8DB0057080E /* PBXContainerItemProxy */ = {
			isa = PBXContainerItemProxy;
			containerPortal = F69BD0BC2C54F8DA0057080E /* Project object */;
			proxyType = 1;
			remoteGlobalIDString = F69BD0C32C54F8DA0057080E;
			remoteInfo = iTrainer;
		};
/* End PBXContainerItemProxy section */

/* Begin PBXFileReference section */
		F6078BA22C5CF1BE00531302 /* EditSetsView.swift */ = {isa = PBXFileReference; lastKnownFileType = sourcecode.swift; path = EditSetsView.swift; sourceTree = "<group>"; };
		F61476AB2FF82B2A00B4CA74 /* ReportDashboardView.swift */ = {isa = PBXFileReference; lastKnownFileType = sourcecode.swift; path = ReportDashboardView.swift; sourceTree = "<group>"; };
		F6164EAD2C9066860019C0AF /* WorkoutManager.swift */ = {isa = PBXFileReference; lastKnownFileType = sourcecode.swift; path = WorkoutManager.swift; sourceTree = "<group>"; };
		F6180DDA2C5A6D55009A23A7 /* EditNameView.swift */ = {isa = PBXFileReference; lastKnownFileType = sourcecode.swift; path = EditNameView.swift; sourceTree = "<group>"; };
		F6186DEF2FFEAF420018B216 /* ExerciseTrackingType.swift */ = {isa = PBXFileReference; lastKnownFileType = sourcecode.swift; path = ExerciseTrackingType.swift; sourceTree = "<group>"; };
		F6186DF12FFED7BB0018B216 /* ReportExerciseHistorySection.swift */ = {isa = PBXFileReference; lastKnownFileType = sourcecode.swift; path = ReportExerciseHistorySection.swift; sourceTree = "<group>"; };
		F6186DF32FFEDBCF0018B216 /* ReportExerciseHistoryBuilder.swift */ = {isa = PBXFileReference; lastKnownFileType = sourcecode.swift; path = ReportExerciseHistoryBuilder.swift; sourceTree = "<group>"; };
		F6186DF52FFEDBEF0018B216 /* ReportExerciseHistoryViewModel.swift */ = {isa = PBXFileReference; lastKnownFileType = sourcecode.swift; path = ReportExerciseHistoryViewModel.swift; sourceTree = "<group>"; };
		F6186DF72FFEDBF10018B216 /* ReportExerciseHistoryView.swift */ = {isa = PBXFileReference; lastKnownFileType = sourcecode.swift; path = ReportExerciseHistoryView.swift; sourceTree = "<group>"; };
		F62187DC3009158800F73704 /* AppSettings.swift */ = {isa = PBXFileReference; lastKnownFileType = sourcecode.swift; path = AppSettings.swift; sourceTree = "<group>"; };
		F62187DE300915DE00F73704 /* SettingsView.swift */ = {isa = PBXFileReference; lastKnownFileType = sourcecode.swift; path = SettingsView.swift; sourceTree = "<group>"; };
		F62187E030091D4500F73704 /* UnitFormatter.swift */ = {isa = PBXFileReference; lastKnownFileType = sourcecode.swift; path = UnitFormatter.swift; sourceTree = "<group>"; };
		F625F2AE2FF8F42A0074FE79 /* ReportDashboardViewModel.swift */ = {isa = PBXFileReference; lastKnownFileType = sourcecode.swift; path = ReportDashboardViewModel.swift; sourceTree = "<group>"; };
		F625F2B02FF8F6920074FE79 /* ExerciseStatisticsViewModel.swift */ = {isa = PBXFileReference; lastKnownFileType = sourcecode.swift; path = ExerciseStatisticsViewModel.swift; sourceTree = "<group>"; };
		F625F2B22FF9273D0074FE79 /* WorkoutReportStatusDisplay.swift */ = {isa = PBXFileReference; lastKnownFileType = sourcecode.swift; path = WorkoutReportStatusDisplay.swift; sourceTree = "<group>"; };
		F625F2B42FF927A20074FE79 /* ReportsDashboardHeaderView.swift */ = {isa = PBXFileReference; lastKnownFileType = sourcecode.swift; path = ReportsDashboardHeaderView.swift; sourceTree = "<group>"; };
		F625F2B62FF927B80074FE79 /* WorkoutReportCard.swift */ = {isa = PBXFileReference; lastKnownFileType = sourcecode.swift; path = WorkoutReportCard.swift; sourceTree = "<group>"; };
		F625F2B82FF927C90074FE79 /* MonthPickerSheet.swift */ = {isa = PBXFileReference; lastKnownFileType = sourcecode.swift; path = MonthPickerSheet.swift; sourceTree = "<group>"; };
		F625F2BA2FF93A380074FE79 /* ReportDashboardDataBuilder.swift */ = {isa = PBXFileReference; lastKnownFileType = sourcecode.swift; path = ReportDashboardDataBuilder.swift; sourceTree = "<group>"; };
		F62818442C62408D003642F8 /* ExerciseTypeModel.swift */ = {isa = PBXFileReference; lastKnownFileType = sourcecode.swift; path = ExerciseTypeModel.swift; sourceTree = "<group>"; };
		F62818472C6249B7003642F8 /* ExerciseCategory.swift */ = {isa = PBXFileReference; lastKnownFileType = sourcecode.swift; path = ExerciseCategory.swift; sourceTree = "<group>"; };
		F630C9502C79E92F00049730 /* AKTextFieldStyle.swift */ = {isa = PBXFileReference; lastKnownFileType = sourcecode.swift; path = AKTextFieldStyle.swift; sourceTree = "<group>"; };
		F632E90B2C9C2C5C009C7BE1 /* ReportView.swift */ = {isa = PBXFileReference; lastKnownFileType = sourcecode.swift; path = ReportView.swift; sourceTree = "<group>"; };
		F632E90D2C9C2C6E009C7BE1 /* ReportViewModel.swift */ = {isa = PBXFileReference; lastKnownFileType = sourcecode.swift; path = ReportViewModel.swift; sourceTree = "<group>"; };
		F6336E1930011993006ECA08 /* View+KeyboardAccessory.swift */ = {isa = PBXFileReference; lastKnownFileType = sourcecode.swift; path = "View+KeyboardAccessory.swift"; sourceTree = "<group>"; };
		F6336E1B300148D9006ECA08 /* ReportMetricInfoView.swift */ = {isa = PBXFileReference; lastKnownFileType = sourcecode.swift; path = ReportMetricInfoView.swift; sourceTree = "<group>"; };
		F6336E1E30016236006ECA08 /* en */ = {isa = PBXFileReference; lastKnownFileType = text.plist.strings; name = en; path = en.lproj/ExerciseInfo.strings; sourceTree = "<group>"; };
		F6336E2030016246006ECA08 /* ru */ = {isa = PBXFileReference; lastKnownFileType = text.plist.strings; name = ru; path = ru.lproj/ExerciseInfo.strings; sourceTree = "<group>"; };
		F6B100092D16000100000009 /* uk */ = {isa = PBXFileReference; lastKnownFileType = text.plist.strings; name = uk; path = uk.lproj/ExerciseInfo.strings; sourceTree = "<group>"; };
		F6B1000A2D1600010000000A /* pl */ = {isa = PBXFileReference; lastKnownFileType = text.plist.strings; name = pl; path = pl.lproj/ExerciseInfo.strings; sourceTree = "<group>"; };
		F6B1000B2D1600010000000B /* es */ = {isa = PBXFileReference; lastKnownFileType = text.plist.strings; name = es; path = es.lproj/ExerciseInfo.strings; sourceTree = "<group>"; };
		F6B1000C2D1600010000000C /* de */ = {isa = PBXFileReference; lastKnownFileType = text.plist.strings; name = de; path = de.lproj/ExerciseInfo.strings; sourceTree = "<group>"; };
		F6336E2130016C13006ECA08 /* BookmarkedExerciseTypeModelDB.swift */ = {isa = PBXFileReference; lastKnownFileType = sourcecode.swift; path = BookmarkedExerciseTypeModelDB.swift; sourceTree = "<group>"; };
		F6336E2330016D94006ECA08 /* ExerciseBookmarkFilterButton.swift */ = {isa = PBXFileReference; lastKnownFileType = sourcecode.swift; path = ExerciseBookmarkFilterButton.swift; sourceTree = "<group>"; };
		F6336E26300172A0006ECA08 /* en */ = {isa = PBXFileReference; lastKnownFileType = text.plist.strings; name = en; path = en.lproj/ExerciseCatalog.strings; sourceTree = "<group>"; };
		F6336E27300172A0006ECA08 /* ru */ = {isa = PBXFileReference; lastKnownFileType = text.plist.strings; name = ru; path = ru.lproj/ExerciseCatalog.strings; sourceTree = "<group>"; };
		F6B100052D16000100000005 /* uk */ = {isa = PBXFileReference; lastKnownFileType = text.plist.strings; name = uk; path = uk.lproj/ExerciseCatalog.strings; sourceTree = "<group>"; };
		F6B100062D16000100000006 /* pl */ = {isa = PBXFileReference; lastKnownFileType = text.plist.strings; name = pl; path = pl.lproj/ExerciseCatalog.strings; sourceTree = "<group>"; };
		F6B100072D16000100000007 /* es */ = {isa = PBXFileReference; lastKnownFileType = text.plist.strings; name = es; path = es.lproj/ExerciseCatalog.strings; sourceTree = "<group>"; };
		F6B100082D16000100000008 /* de */ = {isa = PBXFileReference; lastKnownFileType = text.plist.strings; name = de; path = de.lproj/ExerciseCatalog.strings; sourceTree = "<group>"; };
		F64895BA2FE6C67F005B0619 /* NavigationManager.swift */ = {isa = PBXFileReference; lastKnownFileType = sourcecode.swift; path = NavigationManager.swift; sourceTree = "<group>"; };
		F64896992FE705F1005B0619 /* AppEnvironment.swift */ = {isa = PBXFileReference; lastKnownFileType = sourcecode.swift; path = AppEnvironment.swift; sourceTree = "<group>"; };
		F648969B2FE70B13005B0619 /* AppState.swift */ = {isa = PBXFileReference; lastKnownFileType = sourcecode.swift; path = AppState.swift; sourceTree = "<group>"; };
		F648969D2FE71522005B0619 /* DatabaseSeeder.swift */ = {isa = PBXFileReference; lastKnownFileType = sourcecode.swift; path = DatabaseSeeder.swift; sourceTree = "<group>"; };
		F64CF0472FF534F0009FB938 /* LoadingSpinnerView.swift */ = {isa = PBXFileReference; lastKnownFileType = sourcecode.swift; path = LoadingSpinnerView.swift; sourceTree = "<group>"; };
		F64CF0492FF55BE0009FB938 /* ReportExerciseSetComparisonCell.swift */ = {isa = PBXFileReference; lastKnownFileType = sourcecode.swift; path = ReportExerciseSetComparisonCell.swift; sourceTree = "<group>"; };
		F64CF04B2FF55BEC009FB938 /* ExerciseStatisticsView.swift */ = {isa = PBXFileReference; lastKnownFileType = sourcecode.swift; path = ExerciseStatisticsView.swift; sourceTree = "<group>"; };
		F6536BF32FEB10080041B40B /* WorkoutStatusWidget.swift */ = {isa = PBXFileReference; lastKnownFileType = sourcecode.swift; path = WorkoutStatusWidget.swift; sourceTree = "<group>"; };
		F656783C2FF42AE100250F44 /* ReportStatusService.swift */ = {isa = PBXFileReference; lastKnownFileType = sourcecode.swift; path = ReportStatusService.swift; sourceTree = "<group>"; };
		F657BE9F2FED49F4002E5449 /* DurationPickerSheet.swift */ = {isa = PBXFileReference; lastKnownFileType = sourcecode.swift; path = DurationPickerSheet.swift; sourceTree = "<group>"; };
		F660FF9E2FFFF9EB00F676BD /* CustomExerciseTypeModelDB.swift */ = {isa = PBXFileReference; lastKnownFileType = sourcecode.swift; path = CustomExerciseTypeModelDB.swift; sourceTree = "<group>"; };
		F660FFA02FFFFA7200F676BD /* CreateCustomExerciseViewModel.swift */ = {isa = PBXFileReference; lastKnownFileType = sourcecode.swift; path = CreateCustomExerciseViewModel.swift; sourceTree = "<group>"; };
		F660FFA22FFFFA9E00F676BD /* CreateCustomExerciseView.swift */ = {isa = PBXFileReference; lastKnownFileType = sourcecode.swift; path = CreateCustomExerciseView.swift; sourceTree = "<group>"; };
		F660FFA42FFFFAB100F676BD /* SelectCustomExerciseCategoryView.swift */ = {isa = PBXFileReference; lastKnownFileType = sourcecode.swift; path = SelectCustomExerciseCategoryView.swift; sourceTree = "<group>"; };
		F660FFA62FFFFAC400F676BD /* SelectCustomExerciseTrackingTypeView.swift */ = {isa = PBXFileReference; lastKnownFileType = sourcecode.swift; path = SelectCustomExerciseTrackingTypeView.swift; sourceTree = "<group>"; };
		F660FFA830000D0600F676BD /* ExerciseTypeIconView.swift */ = {isa = PBXFileReference; lastKnownFileType = sourcecode.swift; path = ExerciseTypeIconView.swift; sourceTree = "<group>"; };
		F66CBE2C2C8DD8A80025B87F /* ReportExerciseModelDB.swift */ = {isa = PBXFileReference; lastKnownFileType = sourcecode.swift; path = ReportExerciseModelDB.swift; sourceTree = "<group>"; };
		F66CBE2E2C8DDEB50025B87F /* ReportSetsModelDB.swift */ = {isa = PBXFileReference; lastKnownFileType = sourcecode.swift; path = ReportSetsModelDB.swift; sourceTree = "<group>"; };
		F66CBE312C8DEA2A0025B87F /* ReportWorkoutModel.swift */ = {isa = PBXFileReference; lastKnownFileType = sourcecode.swift; path = ReportWorkoutModel.swift; sourceTree = "<group>"; };
		F66CBE332C8DEBA80025B87F /* ReportExerciseModel.swift */ = {isa = PBXFileReference; lastKnownFileType = sourcecode.swift; path = ReportExerciseModel.swift; sourceTree = "<group>"; };
		F66CBE352C8DECF10025B87F /* ReportSetsModel.swift */ = {isa = PBXFileReference; lastKnownFileType = sourcecode.swift; path = ReportSetsModel.swift; sourceTree = "<group>"; };
		F677A06B2FFBBCCB00101B33 /* CalendarModels.swift */ = {isa = PBXFileReference; lastKnownFileType = sourcecode.swift; path = CalendarModels.swift; sourceTree = "<group>"; };
		F677A06D2FFBBCCC00101B33 /* CalendarDayCell.swift */ = {isa = PBXFileReference; lastKnownFileType = sourcecode.swift; path = CalendarDayCell.swift; sourceTree = "<group>"; };
		F677A06F2FFBBCCD00101B33 /* CalendarMonthGridView.swift */ = {isa = PBXFileReference; lastKnownFileType = sourcecode.swift; path = CalendarMonthGridView.swift; sourceTree = "<group>"; };
		F677A0712FFBBCCE00101B33 /* CalendarMonthPagerView.swift */ = {isa = PBXFileReference; lastKnownFileType = sourcecode.swift; path = CalendarMonthPagerView.swift; sourceTree = "<group>"; };
		F677A0732FFBBCCF00101B33 /* CalendarView.swift */ = {isa = PBXFileReference; lastKnownFileType = sourcecode.swift; path = CalendarView.swift; sourceTree = "<group>"; };
		F68D60642C760C4B00783E54 /* CircularProgressView.swift */ = {isa = PBXFileReference; lastKnownFileType = sourcecode.swift; path = CircularProgressView.swift; sourceTree = "<group>"; };
		F68D60662C76193500783E54 /* TimeInterval+Utils.swift */ = {isa = PBXFileReference; lastKnownFileType = sourcecode.swift; path = "TimeInterval+Utils.swift"; sourceTree = "<group>"; };
		F6946BC42C8C5FD300089148 /* ReportWorkoutModelDB.swift */ = {isa = PBXFileReference; lastKnownFileType = sourcecode.swift; path = ReportWorkoutModelDB.swift; sourceTree = "<group>"; };
		F69BD0C42C54F8DA0057080E /* iTrainer.app */ = {isa = PBXFileReference; explicitFileType = wrapper.application; includeInIndex = 0; path = iTrainer.app; sourceTree = BUILT_PRODUCTS_DIR; };
		F69BD0C72C54F8DA0057080E /* iTrainerApp.swift */ = {isa = PBXFileReference; lastKnownFileType = sourcecode.swift; path = iTrainerApp.swift; sourceTree = "<group>"; };
		F69BD0C92C54F8DA0057080E /* ContentView.swift */ = {isa = PBXFileReference; lastKnownFileType = sourcecode.swift; path = ContentView.swift; sourceTree = "<group>"; };
		F69BD0CD2C54F8DB0057080E /* Assets.xcassets */ = {isa = PBXFileReference; lastKnownFileType = folder.assetcatalog; path = Assets.xcassets; sourceTree = "<group>"; };
		F69BD0D02C54F8DB0057080E /* Preview Assets.xcassets */ = {isa = PBXFileReference; lastKnownFileType = folder.assetcatalog; path = "Preview Assets.xcassets"; sourceTree = "<group>"; };
		F69BD0D62C54F8DB0057080E /* iTrainerTests.xctest */ = {isa = PBXFileReference; explicitFileType = wrapper.cfbundle; includeInIndex = 0; path = iTrainerTests.xctest; sourceTree = BUILT_PRODUCTS_DIR; };
		F69BD0DA2C54F8DB0057080E /* iTrainerTests.swift */ = {isa = PBXFileReference; lastKnownFileType = sourcecode.swift; path = iTrainerTests.swift; sourceTree = "<group>"; };
		F69BD0E02C54F8DB0057080E /* iTrainerUITests.xctest */ = {isa = PBXFileReference; explicitFileType = wrapper.cfbundle; includeInIndex = 0; path = iTrainerUITests.xctest; sourceTree = BUILT_PRODUCTS_DIR; };
		F69BD0E42C54F8DB0057080E /* iTrainerUITests.swift */ = {isa = PBXFileReference; lastKnownFileType = sourcecode.swift; path = iTrainerUITests.swift; sourceTree = "<group>"; };
		F69BD0E62C54F8DB0057080E /* iTrainerUITestsLaunchTests.swift */ = {isa = PBXFileReference; lastKnownFileType = sourcecode.swift; path = iTrainerUITestsLaunchTests.swift; sourceTree = "<group>"; };
		F69BD0FA2C54FB0E0057080E /* MailView.swift */ = {isa = PBXFileReference; fileEncoding = 4; lastKnownFileType = sourcecode.swift; path = MailView.swift; sourceTree = "<group>"; };
		F69BD0FC2C54FB190057080E /* AKDisabledButtonStyle.swift */ = {isa = PBXFileReference; fileEncoding = 4; lastKnownFileType = sourcecode.swift; path = AKDisabledButtonStyle.swift; sourceTree = "<group>"; };
		F69BD0FE2C54FBC10057080E /* View+Utils.swift */ = {isa = PBXFileReference; fileEncoding = 4; lastKnownFileType = sourcecode.swift; path = "View+Utils.swift"; sourceTree = "<group>"; };
		F69BD11B2C5506B70057080E /* WorkoutListView.swift */ = {isa = PBXFileReference; lastKnownFileType = sourcecode.swift; path = WorkoutListView.swift; sourceTree = "<group>"; };
		F69BD11D2C5507200057080E /* DataManagerBackground.swift */ = {isa = PBXFileReference; fileEncoding = 4; lastKnownFileType = sourcecode.swift; path = DataManagerBackground.swift; sourceTree = "<group>"; };
		F69BD1222C550E8E0057080E /* DataContainer.swift */ = {isa = PBXFileReference; fileEncoding = 4; lastKnownFileType = sourcecode.swift; path = DataContainer.swift; sourceTree = "<group>"; };
		F69BD1242C5519AA0057080E /* DataItemsProtocol.swift */ = {isa = PBXFileReference; lastKnownFileType = sourcecode.swift; path = DataItemsProtocol.swift; sourceTree = "<group>"; };
		F69BD1262C551B040057080E /* WorkoutModelDB.swift */ = {isa = PBXFileReference; lastKnownFileType = sourcecode.swift; path = WorkoutModelDB.swift; sourceTree = "<group>"; };
		F69BD1292C551B270057080E /* WorkoutGroupModelDB.swift */ = {isa = PBXFileReference; lastKnownFileType = sourcecode.swift; path = WorkoutGroupModelDB.swift; sourceTree = "<group>"; };
		F69BD12B2C551B400057080E /* ExerciseModelDB.swift */ = {isa = PBXFileReference; lastKnownFileType = sourcecode.swift; path = ExerciseModelDB.swift; sourceTree = "<group>"; };
		F69BD12D2C551B4F0057080E /* SetsModelDB.swift */ = {isa = PBXFileReference; lastKnownFileType = sourcecode.swift; path = SetsModelDB.swift; sourceTree = "<group>"; };
		F6A100032D14000100000003 /* exercise_categories.json */ = {isa = PBXFileReference; lastKnownFileType = text.json; path = exercise_categories.json; sourceTree = "<group>"; };
		F6A100042D14000100000004 /* exercises.json */ = {isa = PBXFileReference; lastKnownFileType = text.json; path = exercises.json; sourceTree = "<group>"; };
		F6A100072D15000100000007 /* exercise_info.json */ = {isa = PBXFileReference; lastKnownFileType = text.json; path = exercise_info.json; sourceTree = "<group>"; };
		F6A1000A2D1500010000000A /* en */ = {isa = PBXFileReference; lastKnownFileType = text.plist.strings; name = en; path = en.lproj/Localizable.strings; sourceTree = "<group>"; };
		F6A1000B2D1500010000000B /* ru */ = {isa = PBXFileReference; lastKnownFileType = text.plist.strings; name = ru; path = ru.lproj/Localizable.strings; sourceTree = "<group>"; };
		F6B100012D16000100000001 /* uk */ = {isa = PBXFileReference; lastKnownFileType = text.plist.strings; name = uk; path = uk.lproj/Localizable.strings; sourceTree = "<group>"; };
		F6B100022D16000100000002 /* pl */ = {isa = PBXFileReference; lastKnownFileType = text.plist.strings; name = pl; path = pl.lproj/Localizable.strings; sourceTree = "<group>"; };
		F6B100032D16000100000003 /* es */ = {isa = PBXFileReference; lastKnownFileType = text.plist.strings; name = es; path = es.lproj/Localizable.strings; sourceTree = "<group>"; };
		F6B100042D16000100000004 /* de */ = {isa = PBXFileReference; lastKnownFileType = text.plist.strings; name = de; path = de.lproj/Localizable.strings; sourceTree = "<group>"; };
		F6AA00012D13E7A000000001 /* iTrainer-Info.plist */ = {isa = PBXFileReference; lastKnownFileType = text.plist.xml; path = "iTrainer-Info.plist"; sourceTree = "<group>"; };
		F6AB65A82FEAAB0500DE8066 /* DesignSystem.swift */ = {isa = PBXFileReference; lastKnownFileType = sourcecode.swift; path = DesignSystem.swift; sourceTree = "<group>"; };
		F6AB65AA2FEAB07500DE8066 /* ExerciseCatalogDetailView.swift */ = {isa = PBXFileReference; lastKnownFileType = sourcecode.swift; path = ExerciseCatalogDetailView.swift; sourceTree = "<group>"; };
		F6B9B2282C96BF3B00115CEA /* LifecycleLogger.swift */ = {isa = PBXFileReference; lastKnownFileType = sourcecode.swift; path = LifecycleLogger.swift; sourceTree = "<group>"; };
		F6B9B22A2C98593200115CEA /* ReportSetsCell.swift */ = {isa = PBXFileReference; lastKnownFileType = sourcecode.swift; path = ReportSetsCell.swift; sourceTree = "<group>"; };
		F6C821C82C6FA2FF00A64CD1 /* SelectExerciseBarView.swift */ = {isa = PBXFileReference; lastKnownFileType = sourcecode.swift; path = SelectExerciseBarView.swift; sourceTree = "<group>"; };
		F6CB130A2C9B171300B9FCFC /* ReportsCalendarView.swift */ = {isa = PBXFileReference; lastKnownFileType = sourcecode.swift; path = ReportsCalendarView.swift; sourceTree = "<group>"; };
		F6CB130C2C9B172700B9FCFC /* ReportsCalendarViewModel.swift */ = {isa = PBXFileReference; lastKnownFileType = sourcecode.swift; path = ReportsCalendarViewModel.swift; sourceTree = "<group>"; };
		F6CB13122C9B2F2F00B9FCFC /* Date+Utils.swift */ = {isa = PBXFileReference; lastKnownFileType = sourcecode.swift; path = "Date+Utils.swift"; sourceTree = "<group>"; };
		F6CB903E2C77687E002529A6 /* ExerciseEditView.swift */ = {isa = PBXFileReference; lastKnownFileType = sourcecode.swift; path = ExerciseEditView.swift; sourceTree = "<group>"; };
		F6CB90402C7768ED002529A6 /* ExerciseEditViewModel.swift */ = {isa = PBXFileReference; lastKnownFileType = sourcecode.swift; path = ExerciseEditViewModel.swift; sourceTree = "<group>"; };
		F6CB90422C7794BF002529A6 /* SetEditCell.swift */ = {isa = PBXFileReference; lastKnownFileType = sourcecode.swift; path = SetEditCell.swift; sourceTree = "<group>"; };
		F6CCEE052FFD27A300686CFB /* LocalNotificationManager.swift */ = {isa = PBXFileReference; lastKnownFileType = sourcecode.swift; path = LocalNotificationManager.swift; sourceTree = "<group>"; };
		F6CCEE072FFD374000686CFB /* ExerciseStatisticsExpandedChartView.swift */ = {isa = PBXFileReference; lastKnownFileType = sourcecode.swift; path = ExerciseStatisticsExpandedChartView.swift; sourceTree = "<group>"; };
		F6CCEE092FFD547000686CFB /* HiddenExerciseCell.swift */ = {isa = PBXFileReference; lastKnownFileType = sourcecode.swift; path = HiddenExerciseCell.swift; sourceTree = "<group>"; };
		F6CCEE0B2FFD547B00686CFB /* HiddenExercisesView.swift */ = {isa = PBXFileReference; lastKnownFileType = sourcecode.swift; path = HiddenExercisesView.swift; sourceTree = "<group>"; };
		F6CF51993007DEF500D35E28 /* ExerciseItemKind.swift */ = {isa = PBXFileReference; lastKnownFileType = sourcecode.swift; path = ExerciseItemKind.swift; sourceTree = "<group>"; };
		F6CF519B3007E3B700D35E28 /* ExerciseItemHelpers.swift */ = {isa = PBXFileReference; lastKnownFileType = sourcecode.swift; path = ExerciseItemHelpers.swift; sourceTree = "<group>"; };
		F6CF519D3007EABB00D35E28 /* SupersetCell.swift */ = {isa = PBXFileReference; lastKnownFileType = sourcecode.swift; path = SupersetCell.swift; sourceTree = "<group>"; };
		F6CF519F3007EC2A00D35E28 /* SupersetEditViewModel.swift */ = {isa = PBXFileReference; lastKnownFileType = sourcecode.swift; path = SupersetEditViewModel.swift; sourceTree = "<group>"; };
		F6CF51A13007EC3F00D35E28 /* SupersetExercisePickerView.swift */ = {isa = PBXFileReference; lastKnownFileType = sourcecode.swift; path = SupersetExercisePickerView.swift; sourceTree = "<group>"; };
		F6CF51A33007EC7200D35E28 /* SupersetEditView.swift */ = {isa = PBXFileReference; lastKnownFileType = sourcecode.swift; path = SupersetEditView.swift; sourceTree = "<group>"; };
		F6DD68AA2C64FF71004EFB03 /* ExerciseTypeView.swift */ = {isa = PBXFileReference; lastKnownFileType = sourcecode.swift; path = ExerciseTypeView.swift; sourceTree = "<group>"; };
		F6DD68AC2C6503C9004EFB03 /* ExerciseTypeCell.swift */ = {isa = PBXFileReference; lastKnownFileType = sourcecode.swift; path = ExerciseTypeCell.swift; sourceTree = "<group>"; };
		F6DD68AE2C65050A004EFB03 /* ExerciseTypeViewModel.swift */ = {isa = PBXFileReference; lastKnownFileType = sourcecode.swift; path = ExerciseTypeViewModel.swift; sourceTree = "<group>"; };
		F6DD68B02C650CAE004EFB03 /* ExerciseCategoryView.swift */ = {isa = PBXFileReference; lastKnownFileType = sourcecode.swift; path = ExerciseCategoryView.swift; sourceTree = "<group>"; };
		F6E13B56301145EA0003970A /* SettingsViewModel.swift */ = {isa = PBXFileReference; lastKnownFileType = sourcecode.swift; path = SettingsViewModel.swift; sourceTree = "<group>"; };
		F6E4161E2C7F982500E77EB4 /* Distance+Utils.swift */ = {isa = PBXFileReference; lastKnownFileType = sourcecode.swift; path = "Distance+Utils.swift"; sourceTree = "<group>"; };
		F6EA7BC92C578BAF005225A0 /* WorkoutListViewModel.swift */ = {isa = PBXFileReference; lastKnownFileType = sourcecode.swift; path = WorkoutListViewModel.swift; sourceTree = "<group>"; };
		F6EA7BCB2C579332005225A0 /* WorkoutModel.swift */ = {isa = PBXFileReference; lastKnownFileType = sourcecode.swift; path = WorkoutModel.swift; sourceTree = "<group>"; };
		F6EA7BCD2C57ACEF005225A0 /* WorkoutGroupModel.swift */ = {isa = PBXFileReference; lastKnownFileType = sourcecode.swift; path = WorkoutGroupModel.swift; sourceTree = "<group>"; };
		F6EA7BCF2C57AD03005225A0 /* ExerciseModel.swift */ = {isa = PBXFileReference; lastKnownFileType = sourcecode.swift; path = ExerciseModel.swift; sourceTree = "<group>"; };
		F6EA7BD12C57AD17005225A0 /* SetsModel.swift */ = {isa = PBXFileReference; lastKnownFileType = sourcecode.swift; path = SetsModel.swift; sourceTree = "<group>"; };
		F6EA7BD32C57B2A3005225A0 /* WorkoutGroupListView.swift */ = {isa = PBXFileReference; lastKnownFileType = sourcecode.swift; path = WorkoutGroupListView.swift; sourceTree = "<group>"; };
		F6EA7BD52C57B2C4005225A0 /* WorkoutGroupListViewModel.swift */ = {isa = PBXFileReference; lastKnownFileType = sourcecode.swift; path = WorkoutGroupListViewModel.swift; sourceTree = "<group>"; };
		F6EA7BD72C57D898005225A0 /* WorkoutListCell.swift */ = {isa = PBXFileReference; lastKnownFileType = sourcecode.swift; path = WorkoutListCell.swift; sourceTree = "<group>"; };
		F6EA7BD92C57DA0F005225A0 /* WorkoutGroupCell.swift */ = {isa = PBXFileReference; lastKnownFileType = sourcecode.swift; path = WorkoutGroupCell.swift; sourceTree = "<group>"; };
		F6EA7BDB2C57DDF0005225A0 /* ExerciseListView.swift */ = {isa = PBXFileReference; lastKnownFileType = sourcecode.swift; path = ExerciseListView.swift; sourceTree = "<group>"; };
		F6EA7BDD2C57DE6F005225A0 /* ExerciseCell.swift */ = {isa = PBXFileReference; lastKnownFileType = sourcecode.swift; path = ExerciseCell.swift; sourceTree = "<group>"; };
		F6EA7BDF2C57DEF6005225A0 /* ExerciseListViewModel.swift */ = {isa = PBXFileReference; lastKnownFileType = sourcecode.swift; path = ExerciseListViewModel.swift; sourceTree = "<group>"; };
		F6EA7BE12C57F324005225A0 /* ExerciseView.swift */ = {isa = PBXFileReference; lastKnownFileType = sourcecode.swift; path = ExerciseView.swift; sourceTree = "<group>"; };
		F6EA7BE32C57F6F9005225A0 /* ExerciseViewModel.swift */ = {isa = PBXFileReference; lastKnownFileType = sourcecode.swift; path = ExerciseViewModel.swift; sourceTree = "<group>"; };
		F6EA7BE52C57F861005225A0 /* SetsCell.swift */ = {isa = PBXFileReference; lastKnownFileType = sourcecode.swift; path = SetsCell.swift; sourceTree = "<group>"; };
		F6F1E08C2C9DCA3500C1419A /* ReportExerciseCell.swift */ = {isa = PBXFileReference; lastKnownFileType = sourcecode.swift; path = ReportExerciseCell.swift; sourceTree = "<group>"; };
		F6F1E08E2CA07B7200C1419A /* ReportExerciseView.swift */ = {isa = PBXFileReference; lastKnownFileType = sourcecode.swift; path = ReportExerciseView.swift; sourceTree = "<group>"; };
		F6F1E0902CA07B8700C1419A /* ReportExerciseViewModel.swift */ = {isa = PBXFileReference; lastKnownFileType = sourcecode.swift; path = ReportExerciseViewModel.swift; sourceTree = "<group>"; };
		F6F4CF272C6B71D600A5BBA9 /* ExerciseTypeListView.swift */ = {isa = PBXFileReference; lastKnownFileType = sourcecode.swift; path = ExerciseTypeListView.swift; sourceTree = "<group>"; };
/* End PBXFileReference section */

/* Begin PBXFrameworksBuildPhase section */
		F69BD0C12C54F8DA0057080E /* Frameworks */ = {
			isa = PBXFrameworksBuildPhase;
			buildActionMask = 2147483647;
			files = (
			);
			runOnlyForDeploymentPostprocessing = 0;
		};
		F69BD0D32C54F8DB0057080E /* Frameworks */ = {
			isa = PBXFrameworksBuildPhase;
			buildActionMask = 2147483647;
			files = (
			);
			runOnlyForDeploymentPostprocessing = 0;
		};
		F69BD0DD2C54F8DB0057080E /* Frameworks */ = {
			isa = PBXFrameworksBuildPhase;
			buildActionMask = 2147483647;
			files = (
			);
			runOnlyForDeploymentPostprocessing = 0;
		};
/* End PBXFrameworksBuildPhase section */

/* Begin PBXGroup section */
		F62187DB3009157700F73704 /* Settings */ = {
			isa = PBXGroup;
			children = (
				F62187DE300915DE00F73704 /* SettingsView.swift */,
				F6E13B56301145EA0003970A /* SettingsViewModel.swift */,
			);
			path = Settings;
			sourceTree = "<group>";
		};
		F64895B92FE6C663005B0619 /* Managers */ = {
			isa = PBXGroup;
			children = (
				F6164EAD2C9066860019C0AF /* WorkoutManager.swift */,
				F69BD11D2C5507200057080E /* DataManagerBackground.swift */,
				F64895BA2FE6C67F005B0619 /* NavigationManager.swift */,
				F6CCEE052FFD27A300686CFB /* LocalNotificationManager.swift */,
			);
			path = Managers;
			sourceTree = "<group>";
		};
		F64896982FE7059D005B0619 /* Core */ = {
			isa = PBXGroup;
			children = (
				F69BD1222C550E8E0057080E /* DataContainer.swift */,
				F64896992FE705F1005B0619 /* AppEnvironment.swift */,
				F648969B2FE70B13005B0619 /* AppState.swift */,
				F648969D2FE71522005B0619 /* DatabaseSeeder.swift */,
				F6AB65A82FEAAB0500DE8066 /* DesignSystem.swift */,
				F62187DC3009158800F73704 /* AppSettings.swift */,
			);
			path = Core;
			sourceTree = "<group>";
		};
		F660FF9D2FFFF9E100F676BD /* Custom Exercise */ = {
			isa = PBXGroup;
			children = (
				F660FFA22FFFFA9E00F676BD /* CreateCustomExerciseView.swift */,
				F660FFA02FFFFA7200F676BD /* CreateCustomExerciseViewModel.swift */,
				F660FFA42FFFFAB100F676BD /* SelectCustomExerciseCategoryView.swift */,
				F660FFA62FFFFAC400F676BD /* SelectCustomExerciseTrackingTypeView.swift */,
			);
			path = "Custom Exercise";
			sourceTree = "<group>";
		};
		F66CBE2B2C8DCA920025B87F /* Report */ = {
			isa = PBXGroup;
			children = (
				F6946BC42C8C5FD300089148 /* ReportWorkoutModelDB.swift */,
				F66CBE2C2C8DD8A80025B87F /* ReportExerciseModelDB.swift */,
				F66CBE2E2C8DDEB50025B87F /* ReportSetsModelDB.swift */,
			);
			path = Report;
			sourceTree = "<group>";
		};
		F66CBE302C8DE9ED0025B87F /* Report */ = {
			isa = PBXGroup;
			children = (
				F66CBE312C8DEA2A0025B87F /* ReportWorkoutModel.swift */,
				F66CBE332C8DEBA80025B87F /* ReportExerciseModel.swift */,
				F66CBE352C8DECF10025B87F /* ReportSetsModel.swift */,
			);
			path = Report;
			sourceTree = "<group>";
		};
		F677A06A2FFBB0B300101B33 /* Calendar */ = {
			isa = PBXGroup;
			children = (
				F677A06B2FFBBCCB00101B33 /* CalendarModels.swift */,
				F677A06D2FFBBCCC00101B33 /* CalendarDayCell.swift */,
				F677A06F2FFBBCCD00101B33 /* CalendarMonthGridView.swift */,
				F677A0712FFBBCCE00101B33 /* CalendarMonthPagerView.swift */,
				F677A0732FFBBCCF00101B33 /* CalendarView.swift */,
			);
			path = Calendar;
			sourceTree = "<group>";
		};
		F69BD0BB2C54F8DA0057080E = {
			isa = PBXGroup;
			children = (
				F6AA00012D13E7A000000001 /* iTrainer-Info.plist */,
				F69BD0C62C54F8DA0057080E /* iTrainer */,
				F69BD0D92C54F8DB0057080E /* iTrainerTests */,
				F69BD0E32C54F8DB0057080E /* iTrainerUITests */,
				F69BD0C52C54F8DA0057080E /* Products */,
				F69BD10C2C54FD6B0057080E /* Frameworks */,
			);
			sourceTree = "<group>";
		};
		F69BD0C52C54F8DA0057080E /* Products */ = {
			isa = PBXGroup;
			children = (
				F69BD0C42C54F8DA0057080E /* iTrainer.app */,
				F69BD0D62C54F8DB0057080E /* iTrainerTests.xctest */,
				F69BD0E02C54F8DB0057080E /* iTrainerUITests.xctest */,
			);
			name = Products;
			sourceTree = "<group>";
		};
		F69BD0C62C54F8DA0057080E /* iTrainer */ = {
			isa = PBXGroup;
			children = (
				F69BD0F92C54FA3A0057080E /* Utilities */,
				F69BD0F72C54F9E90057080E /* Extensions */,
				F69BD0F62C54F9CB0057080E /* Network Models */,
				F69BD0F42C54F9950057080E /* Data Base Models */,
				F69BD0F52C54F9B70057080E /* Models */,
				F69BD0F32C54F9820057080E /* Controls */,
				F69BD1162C5505140057080E /* Screens */,
				F6CB13092C9B16CE00B9FCFC /* Reports View */,
				F69BD0C72C54F8DA0057080E /* iTrainerApp.swift */,
				F69BD0C92C54F8DA0057080E /* ContentView.swift */,
				F64896982FE7059D005B0619 /* Core */,
				F64895B92FE6C663005B0619 /* Managers */,
				F6A100052D14000100000005 /* Resources */,
				F69BD0CD2C54F8DB0057080E /* Assets.xcassets */,
				F69BD0CF2C54F8DB0057080E /* Preview Content */,
			);
			path = iTrainer;
			sourceTree = "<group>";
		};
		F69BD0CF2C54F8DB0057080E /* Preview Content */ = {
			isa = PBXGroup;
			children = (
				F69BD0D02C54F8DB0057080E /* Preview Assets.xcassets */,
			);
			path = "Preview Content";
			sourceTree = "<group>";
		};
		F69BD0D92C54F8DB0057080E /* iTrainerTests */ = {
			isa = PBXGroup;
			children = (
				F69BD0DA2C54F8DB0057080E /* iTrainerTests.swift */,
			);
			path = iTrainerTests;
			sourceTree = "<group>";
		};
		F69BD0E32C54F8DB0057080E /* iTrainerUITests */ = {
			isa = PBXGroup;
			children = (
				F69BD0E42C54F8DB0057080E /* iTrainerUITests.swift */,
				F69BD0E62C54F8DB0057080E /* iTrainerUITestsLaunchTests.swift */,
			);
			path = iTrainerUITests;
			sourceTree = "<group>";
		};
		F69BD0F32C54F9820057080E /* Controls */ = {
			isa = PBXGroup;
			children = (
				F677A06A2FFBB0B300101B33 /* Calendar */,
				F64CF0472FF534F0009FB938 /* LoadingSpinnerView.swift */,
				F69BD0FC2C54FB190057080E /* AKDisabledButtonStyle.swift */,
				F69BD0FA2C54FB0E0057080E /* MailView.swift */,
				F6180DDA2C5A6D55009A23A7 /* EditNameView.swift */,
				F6078BA22C5CF1BE00531302 /* EditSetsView.swift */,
				F68D60642C760C4B00783E54 /* CircularProgressView.swift */,
				F6536BF32FEB10080041B40B /* WorkoutStatusWidget.swift */,
				F657BE9F2FED49F4002E5449 /* DurationPickerSheet.swift */,
				F660FFA830000D0600F676BD /* ExerciseTypeIconView.swift */,
			);
			path = Controls;
			sourceTree = "<group>";
		};
		F69BD0F42C54F9950057080E /* Data Base Models */ = {
			isa = PBXGroup;
			children = (
				F69BD1242C5519AA0057080E /* DataItemsProtocol.swift */,
				F69BD1262C551B040057080E /* WorkoutModelDB.swift */,
				F69BD1292C551B270057080E /* WorkoutGroupModelDB.swift */,
				F69BD12B2C551B400057080E /* ExerciseModelDB.swift */,
				F69BD12D2C551B4F0057080E /* SetsModelDB.swift */,
				F66CBE2B2C8DCA920025B87F /* Report */,
				F660FF9E2FFFF9EB00F676BD /* CustomExerciseTypeModelDB.swift */,
				F6336E2130016C13006ECA08 /* BookmarkedExerciseTypeModelDB.swift */,
			);
			path = "Data Base Models";
			sourceTree = "<group>";
		};
		F69BD0F52C54F9B70057080E /* Models */ = {
			isa = PBXGroup;
			children = (
				F6EA7BCB2C579332005225A0 /* WorkoutModel.swift */,
				F6EA7BCD2C57ACEF005225A0 /* WorkoutGroupModel.swift */,
				F6EA7BCF2C57AD03005225A0 /* ExerciseModel.swift */,
				F6EA7BD12C57AD17005225A0 /* SetsModel.swift */,
				F62818472C6249B7003642F8 /* ExerciseCategory.swift */,
				F62818442C62408D003642F8 /* ExerciseTypeModel.swift */,
				F66CBE302C8DE9ED0025B87F /* Report */,
				F6186DEF2FFEAF420018B216 /* ExerciseTrackingType.swift */,
				F6CF51993007DEF500D35E28 /* ExerciseItemKind.swift */,
				F6CF519B3007E3B700D35E28 /* ExerciseItemHelpers.swift */,
			);
			path = Models;
			sourceTree = "<group>";
		};
		F69BD0F62C54F9CB0057080E /* Network Models */ = {
			isa = PBXGroup;
			children = (
			);
			path = "Network Models";
			sourceTree = "<group>";
		};
		F69BD0F72C54F9E90057080E /* Extensions */ = {
			isa = PBXGroup;
			children = (
				F69BD0FE2C54FBC10057080E /* View+Utils.swift */,
				F68D60662C76193500783E54 /* TimeInterval+Utils.swift */,
				F6E4161E2C7F982500E77EB4 /* Distance+Utils.swift */,
				F6CB13122C9B2F2F00B9FCFC /* Date+Utils.swift */,
				F6336E1930011993006ECA08 /* View+KeyboardAccessory.swift */,
			);
			path = Extensions;
			sourceTree = "<group>";
		};
		F69BD0F92C54FA3A0057080E /* Utilities */ = {
			isa = PBXGroup;
			children = (
				F630C9502C79E92F00049730 /* AKTextFieldStyle.swift */,
				F6B9B2282C96BF3B00115CEA /* LifecycleLogger.swift */,
				F62187E030091D4500F73704 /* UnitFormatter.swift */,
			);
			path = Utilities;
			sourceTree = "<group>";
		};
		F69BD10C2C54FD6B0057080E /* Frameworks */ = {
			isa = PBXGroup;
			children = (
			);
			name = Frameworks;
			sourceTree = "<group>";
		};
		F69BD1162C5505140057080E /* Screens */ = {
			isa = PBXGroup;
			children = (
				F69BD1172C55054B0057080E /* Workout List */,
				F69BD1182C55056C0057080E /* Workout Groups */,
				F69BD1192C5505980057080E /* Exercise List */,
				F69BD11A2C5505CC0057080E /* Exercise */,
				F6DD68A92C64FF40004EFB03 /* Exercise Type View */,
				F62187DB3009157700F73704 /* Settings */,
			);
			path = Screens;
			sourceTree = "<group>";
		};
		F69BD1172C55054B0057080E /* Workout List */ = {
			isa = PBXGroup;
			children = (
				F69BD11B2C5506B70057080E /* WorkoutListView.swift */,
				F6EA7BD72C57D898005225A0 /* WorkoutListCell.swift */,
				F6EA7BC92C578BAF005225A0 /* WorkoutListViewModel.swift */,
			);
			path = "Workout List";
			sourceTree = "<group>";
		};
		F69BD1182C55056C0057080E /* Workout Groups */ = {
			isa = PBXGroup;
			children = (
				F6EA7BD32C57B2A3005225A0 /* WorkoutGroupListView.swift */,
				F6EA7BD92C57DA0F005225A0 /* WorkoutGroupCell.swift */,
				F6EA7BD52C57B2C4005225A0 /* WorkoutGroupListViewModel.swift */,
			);
			path = "Workout Groups";
			sourceTree = "<group>";
		};
		F69BD1192C5505980057080E /* Exercise List */ = {
			isa = PBXGroup;
			children = (
				F6EA7BDB2C57DDF0005225A0 /* ExerciseListView.swift */,
				F6EA7BDD2C57DE6F005225A0 /* ExerciseCell.swift */,
				F6EA7BDF2C57DEF6005225A0 /* ExerciseListViewModel.swift */,
				F6CCEE0B2FFD547B00686CFB /* HiddenExercisesView.swift */,
				F6CCEE092FFD547000686CFB /* HiddenExerciseCell.swift */,
				F6CF51A33007EC7200D35E28 /* SupersetEditView.swift */,
				F6CF519F3007EC2A00D35E28 /* SupersetEditViewModel.swift */,
				F6CF519D3007EABB00D35E28 /* SupersetCell.swift */,
				F6CF51A13007EC3F00D35E28 /* SupersetExercisePickerView.swift */,
			);
			path = "Exercise List";
			sourceTree = "<group>";
		};
		F69BD11A2C5505CC0057080E /* Exercise */ = {
			isa = PBXGroup;
			children = (
				F6EA7BE12C57F324005225A0 /* ExerciseView.swift */,
				F6EA7BE52C57F861005225A0 /* SetsCell.swift */,
				F6B9B22A2C98593200115CEA /* ReportSetsCell.swift */,
				F6EA7BE32C57F6F9005225A0 /* ExerciseViewModel.swift */,
				F6CB903D2C776856002529A6 /* Exercise Edit */,
			);
			path = Exercise;
			sourceTree = "<group>";
		};
		F6A100052D14000100000005 /* Resources */ = {
			isa = PBXGroup;
			children = (
				F6A100062D14000100000006 /* Seed */,
				F6A100092D15000100000009 /* Localization */,
			);
			path = Resources;
			sourceTree = "<group>";
		};
		F6A100062D14000100000006 /* Seed */ = {
			isa = PBXGroup;
			children = (
				F6A100032D14000100000003 /* exercise_categories.json */,
				F6A100042D14000100000004 /* exercises.json */,
				F6A100072D15000100000007 /* exercise_info.json */,
			);
			path = Seed;
			sourceTree = "<group>";
		};
		F6A100092D15000100000009 /* Localization */ = {
			isa = PBXGroup;
			children = (
				F6336E25300172A0006ECA08 /* ExerciseCatalog.strings */,
				F6336E1D30016236006ECA08 /* ExerciseInfo.strings */,
				F6A1000C2D1500010000000C /* Localizable.strings */,
			);
			path = Localization;
			sourceTree = "<group>";
		};
		F6CB13092C9B16CE00B9FCFC /* Reports View */ = {
			isa = PBXGroup;
			children = (
				F6CB130A2C9B171300B9FCFC /* ReportsCalendarView.swift */,
				F6CB130C2C9B172700B9FCFC /* ReportsCalendarViewModel.swift */,
				F632E90B2C9C2C5C009C7BE1 /* ReportView.swift */,
				F6F1E08C2C9DCA3500C1419A /* ReportExerciseCell.swift */,
				F632E90D2C9C2C6E009C7BE1 /* ReportViewModel.swift */,
				F6F1E08E2CA07B7200C1419A /* ReportExerciseView.swift */,
				F6F1E0902CA07B8700C1419A /* ReportExerciseViewModel.swift */,
				F656783C2FF42AE100250F44 /* ReportStatusService.swift */,
				F64CF0492FF55BE0009FB938 /* ReportExerciseSetComparisonCell.swift */,
				F64CF04B2FF55BEC009FB938 /* ExerciseStatisticsView.swift */,
				F625F2B02FF8F6920074FE79 /* ExerciseStatisticsViewModel.swift */,
				F61476AB2FF82B2A00B4CA74 /* ReportDashboardView.swift */,
				F625F2AE2FF8F42A0074FE79 /* ReportDashboardViewModel.swift */,
				F625F2B42FF927A20074FE79 /* ReportsDashboardHeaderView.swift */,
				F625F2BA2FF93A380074FE79 /* ReportDashboardDataBuilder.swift */,
				F625F2B22FF9273D0074FE79 /* WorkoutReportStatusDisplay.swift */,
				F625F2B62FF927B80074FE79 /* WorkoutReportCard.swift */,
				F625F2B82FF927C90074FE79 /* MonthPickerSheet.swift */,
				F6CCEE072FFD374000686CFB /* ExerciseStatisticsExpandedChartView.swift */,
				F6186DF12FFED7BB0018B216 /* ReportExerciseHistorySection.swift */,
				F6186DF32FFEDBCF0018B216 /* ReportExerciseHistoryBuilder.swift */,
				F6186DF72FFEDBF10018B216 /* ReportExerciseHistoryView.swift */,
				F6186DF52FFEDBEF0018B216 /* ReportExerciseHistoryViewModel.swift */,
				F6336E1B300148D9006ECA08 /* ReportMetricInfoView.swift */,
			);
			path = "Reports View";
			sourceTree = "<group>";
		};
		F6CB903D2C776856002529A6 /* Exercise Edit */ = {
			isa = PBXGroup;
			children = (
				F6CB903E2C77687E002529A6 /* ExerciseEditView.swift */,
				F6CB90422C7794BF002529A6 /* SetEditCell.swift */,
				F6CB90402C7768ED002529A6 /* ExerciseEditViewModel.swift */,
			);
			path = "Exercise Edit";
			sourceTree = "<group>";
		};
		F6DD68A92C64FF40004EFB03 /* Exercise Type View */ = {
			isa = PBXGroup;
			children = (
				F6DD68AA2C64FF71004EFB03 /* ExerciseTypeView.swift */,
				F6C821C82C6FA2FF00A64CD1 /* SelectExerciseBarView.swift */,
				F6DD68AE2C65050A004EFB03 /* ExerciseTypeViewModel.swift */,
				F6DD68B02C650CAE004EFB03 /* ExerciseCategoryView.swift */,
				F6F4CF272C6B71D600A5BBA9 /* ExerciseTypeListView.swift */,
				F6DD68AC2C6503C9004EFB03 /* ExerciseTypeCell.swift */,
				F6AB65AA2FEAB07500DE8066 /* ExerciseCatalogDetailView.swift */,
				F660FF9D2FFFF9E100F676BD /* Custom Exercise */,
				F6336E2330016D94006ECA08 /* ExerciseBookmarkFilterButton.swift */,
			);
			path = "Exercise Type View";
			sourceTree = "<group>";
		};
/* End PBXGroup section */

/* Begin PBXNativeTarget section */
		F69BD0C32C54F8DA0057080E /* iTrainer */ = {
			isa = PBXNativeTarget;
			buildConfigurationList = F69BD0EA2C54F8DB0057080E /* Build configuration list for PBXNativeTarget "iTrainer" */;
			buildPhases = (
				F69BD0C02C54F8DA0057080E /* Sources */,
				F69BD0C12C54F8DA0057080E /* Frameworks */,
				F69BD0C22C54F8DA0057080E /* Resources */,
			);
			buildRules = (
			);
			dependencies = (
			);
			name = iTrainer;
			packageProductDependencies = (
			);
			productName = iTrainer;
			productReference = F69BD0C42C54F8DA0057080E /* iTrainer.app */;
			productType = "com.apple.product-type.application";
		};
		F69BD0D52C54F8DB0057080E /* iTrainerTests */ = {
			isa = PBXNativeTarget;
			buildConfigurationList = F69BD0ED2C54F8DB0057080E /* Build configuration list for PBXNativeTarget "iTrainerTests" */;
			buildPhases = (
				F69BD0D22C54F8DB0057080E /* Sources */,
				F69BD0D32C54F8DB0057080E /* Frameworks */,
				F69BD0D42C54F8DB0057080E /* Resources */,
			);
			buildRules = (
			);
			dependencies = (
				F69BD0D82C54F8DB0057080E /* PBXTargetDependency */,
			);
			name = iTrainerTests;
			productName = iTrainerTests;
			productReference = F69BD0D62C54F8DB0057080E /* iTrainerTests.xctest */;
			productType = "com.apple.product-type.bundle.unit-test";
		};
		F69BD0DF2C54F8DB0057080E /* iTrainerUITests */ = {
			isa = PBXNativeTarget;
			buildConfigurationList = F69BD0F02C54F8DB0057080E /* Build configuration list for PBXNativeTarget "iTrainerUITests" */;
			buildPhases = (
				F69BD0DC2C54F8DB0057080E /* Sources */,
				F69BD0DD2C54F8DB0057080E /* Frameworks */,
				F69BD0DE2C54F8DB0057080E /* Resources */,
			);
			buildRules = (
			);
			dependencies = (
				F69BD0E22C54F8DB0057080E /* PBXTargetDependency */,
			);
			name = iTrainerUITests;
			productName = iTrainerUITests;
			productReference = F69BD0E02C54F8DB0057080E /* iTrainerUITests.xctest */;
			productType = "com.apple.product-type.bundle.ui-testing";
		};
/* End PBXNativeTarget section */

/* Begin PBXProject section */
		F69BD0BC2C54F8DA0057080E /* Project object */ = {
			isa = PBXProject;
			attributes = {
				BuildIndependentTargetsInParallel = 1;
				LastSwiftUpdateCheck = 1500;
				LastUpgradeCheck = 1500;
				TargetAttributes = {
					F69BD0C32C54F8DA0057080E = {
						CreatedOnToolsVersion = 15.0.1;
					};
					F69BD0D52C54F8DB0057080E = {
						CreatedOnToolsVersion = 15.0.1;
						TestTargetID = F69BD0C32C54F8DA0057080E;
					};
					F69BD0DF2C54F8DB0057080E = {
						CreatedOnToolsVersion = 15.0.1;
						TestTargetID = F69BD0C32C54F8DA0057080E;
					};
				};
			};
			buildConfigurationList = F69BD0BF2C54F8DA0057080E /* Build configuration list for PBXProject "iTrainer" */;
			compatibilityVersion = "Xcode 14.0";
			developmentRegion = en;
			hasScannedForEncodings = 0;
			knownRegions = (
				en,
				ru,
				uk,
				pl,
				es,
				de,
				Base,
			);
			mainGroup = F69BD0BB2C54F8DA0057080E;
			packageReferences = (
			);
			productRefGroup = F69BD0C52C54F8DA0057080E /* Products */;
			projectDirPath = "";
			projectRoot = "";
			targets = (
				F69BD0C32C54F8DA0057080E /* iTrainer */,
				F69BD0D52C54F8DB0057080E /* iTrainerTests */,
				F69BD0DF2C54F8DB0057080E /* iTrainerUITests */,
			);
		};
/* End PBXProject section */

/* Begin PBXResourcesBuildPhase section */
		F69BD0C22C54F8DA0057080E /* Resources */ = {
			isa = PBXResourcesBuildPhase;
			buildActionMask = 2147483647;
			files = (
				F6336E28300172A0006ECA08 /* ExerciseCatalog.strings in Resources */,
				F6336E1F30016236006ECA08 /* ExerciseInfo.strings in Resources */,
				F69BD0D12C54F8DB0057080E /* Preview Assets.xcassets in Resources */,
				F6A100012D14000100000001 /* exercise_categories.json in Resources */,
				F6A100022D14000100000002 /* exercises.json in Resources */,
				F6A100082D15000100000008 /* exercise_info.json in Resources */,
				F6A1000D2D1500010000000D /* Localizable.strings in Resources */,
				F69BD0CE2C54F8DB0057080E /* Assets.xcassets in Resources */,
			);
			runOnlyForDeploymentPostprocessing = 0;
		};
		F69BD0D42C54F8DB0057080E /* Resources */ = {
			isa = PBXResourcesBuildPhase;
			buildActionMask = 2147483647;
			files = (
			);
			runOnlyForDeploymentPostprocessing = 0;
		};
		F69BD0DE2C54F8DB0057080E /* Resources */ = {
			isa = PBXResourcesBuildPhase;
			buildActionMask = 2147483647;
			files = (
			);
			runOnlyForDeploymentPostprocessing = 0;
		};
/* End PBXResourcesBuildPhase section */

/* Begin PBXSourcesBuildPhase section */
		F69BD0C02C54F8DA0057080E /* Sources */ = {
			isa = PBXSourcesBuildPhase;
			buildActionMask = 2147483647;
			files = (
				F6CB130B2C9B171300B9FCFC /* ReportsCalendarView.swift in Sources */,
				F66CBE2F2C8DDEB50025B87F /* ReportSetsModelDB.swift in Sources */,
				F61476AC2FF82B2A00B4CA74 /* ReportDashboardView.swift in Sources */,
				F632E90C2C9C2C5C009C7BE1 /* ReportView.swift in Sources */,
				F6AB65AB2FEAB07500DE8066 /* ExerciseCatalogDetailView.swift in Sources */,
				F6EA7BD62C57B2C4005225A0 /* WorkoutGroupListViewModel.swift in Sources */,
				F6CCEE082FFD374000686CFB /* ExerciseStatisticsExpandedChartView.swift in Sources */,
				F6946BC52C8C5FD300089148 /* ReportWorkoutModelDB.swift in Sources */,
				F69BD1252C5519AA0057080E /* DataItemsProtocol.swift in Sources */,
				F630C9512C79E92F00049730 /* AKTextFieldStyle.swift in Sources */,
				F69BD0CA2C54F8DA0057080E /* ContentView.swift in Sources */,
				F648969C2FE70B13005B0619 /* AppState.swift in Sources */,
				F6078BA32C5CF1BE00531302 /* EditSetsView.swift in Sources */,
				F6EA7BD82C57D898005225A0 /* WorkoutListCell.swift in Sources */,
				F6F1E08F2CA07B7200C1419A /* ReportExerciseView.swift in Sources */,
				F677A06E2FFBBCCC00101B33 /* CalendarDayCell.swift in Sources */,
				F62187DD3009158800F73704 /* AppSettings.swift in Sources */,
				F625F2B52FF927A20074FE79 /* ReportsDashboardHeaderView.swift in Sources */,
				F69BD12E2C551B4F0057080E /* SetsModelDB.swift in Sources */,
				F6EA7BDE2C57DE6F005225A0 /* ExerciseCell.swift in Sources */,
				F6186DF62FFEDBEF0018B216 /* ReportExerciseHistoryViewModel.swift in Sources */,
				F69BD11E2C5507200057080E /* DataManagerBackground.swift in Sources */,
				F69BD11C2C5506B70057080E /* WorkoutListView.swift in Sources */,
				F677A0702FFBBCCD00101B33 /* CalendarMonthGridView.swift in Sources */,
				F6B9B2292C96BF3B00115CEA /* LifecycleLogger.swift in Sources */,
				F6EA7BCE2C57ACEF005225A0 /* WorkoutGroupModel.swift in Sources */,
				F6EA7BD02C57AD03005225A0 /* ExerciseModel.swift in Sources */,
				F6CCEE0C2FFD547B00686CFB /* HiddenExercisesView.swift in Sources */,
				F648969E2FE71522005B0619 /* DatabaseSeeder.swift in Sources */,
				F6F4CF282C6B71D600A5BBA9 /* ExerciseTypeListView.swift in Sources */,
				F6F1E08D2C9DCA3500C1419A /* ReportExerciseCell.swift in Sources */,
				F6CF51A23007EC3F00D35E28 /* SupersetExercisePickerView.swift in Sources */,
				F660FFA52FFFFAB100F676BD /* SelectCustomExerciseCategoryView.swift in Sources */,
				F69BD0FD2C54FB190057080E /* AKDisabledButtonStyle.swift in Sources */,
				F677A06C2FFBBCCB00101B33 /* CalendarModels.swift in Sources */,
				F6CB13132C9B2F2F00B9FCFC /* Date+Utils.swift in Sources */,
				F69BD0C82C54F8DA0057080E /* iTrainerApp.swift in Sources */,
				F6186DF22FFED7BB0018B216 /* ReportExerciseHistorySection.swift in Sources */,
				F6F1E0912CA07B8700C1419A /* ReportExerciseViewModel.swift in Sources */,
				F69BD1272C551B040057080E /* WorkoutModelDB.swift in Sources */,
				F625F2B72FF927B80074FE79 /* WorkoutReportCard.swift in Sources */,
				F657BEA02FED49F4002E5449 /* DurationPickerSheet.swift in Sources */,
				F6AB65A92FEAAB0500DE8066 /* DesignSystem.swift in Sources */,
				F66CBE342C8DEBA80025B87F /* ReportExerciseModel.swift in Sources */,
				F6E4161F2C7F982500E77EB4 /* Distance+Utils.swift in Sources */,
				F66CBE362C8DECF10025B87F /* ReportSetsModel.swift in Sources */,
				F6EA7BD22C57AD17005225A0 /* SetsModel.swift in Sources */,
				F6EA7BDA2C57DA0F005225A0 /* WorkoutGroupCell.swift in Sources */,
				F6EA7BE62C57F861005225A0 /* SetsCell.swift in Sources */,
				F64CF04C2FF55BEC009FB938 /* ExerciseStatisticsView.swift in Sources */,
				F64895BB2FE6C67F005B0619 /* NavigationManager.swift in Sources */,
				F660FFA12FFFFA7200F676BD /* CreateCustomExerciseViewModel.swift in Sources */,
				F69BD12A2C551B270057080E /* WorkoutGroupModelDB.swift in Sources */,
				F6C821C92C6FA2FF00A64CD1 /* SelectExerciseBarView.swift in Sources */,
				F660FFA72FFFFAC400F676BD /* SelectCustomExerciseTrackingTypeView.swift in Sources */,
				F6336E2230016C13006ECA08 /* BookmarkedExerciseTypeModelDB.swift in Sources */,
				F660FF9F2FFFF9EB00F676BD /* CustomExerciseTypeModelDB.swift in Sources */,
				F648969A2FE705F1005B0619 /* AppEnvironment.swift in Sources */,
				F6EA7BE22C57F324005225A0 /* ExerciseView.swift in Sources */,
				F677A0722FFBBCCE00101B33 /* CalendarMonthPagerView.swift in Sources */,
				F625F2B32FF9273D0074FE79 /* WorkoutReportStatusDisplay.swift in Sources */,
				F66CBE322C8DEA2A0025B87F /* ReportWorkoutModel.swift in Sources */,
				F6DD68B12C650CAE004EFB03 /* ExerciseCategoryView.swift in Sources */,
				F69BD0FF2C54FBC10057080E /* View+Utils.swift in Sources */,
				F6CCEE0A2FFD547000686CFB /* HiddenExerciseCell.swift in Sources */,
				F6186DF42FFEDBCF0018B216 /* ReportExerciseHistoryBuilder.swift in Sources */,
				F6336E2430016D94006ECA08 /* ExerciseBookmarkFilterButton.swift in Sources */,
				F625F2B12FF8F6920074FE79 /* ExerciseStatisticsViewModel.swift in Sources */,
				F6536BF42FEB10080041B40B /* WorkoutStatusWidget.swift in Sources */,
				F6CF519E3007EABB00D35E28 /* SupersetCell.swift in Sources */,
				F66CBE2D2C8DD8A80025B87F /* ReportExerciseModelDB.swift in Sources */,
				F6B9B22B2C98593200115CEA /* ReportSetsCell.swift in Sources */,
				F6CB90432C7794BF002529A6 /* SetEditCell.swift in Sources */,
				F69BD0FB2C54FB0E0057080E /* MailView.swift in Sources */,
				F64CF0482FF534F0009FB938 /* LoadingSpinnerView.swift in Sources */,
				F6CF519C3007E3B700D35E28 /* ExerciseItemHelpers.swift in Sources */,
				F660FFA32FFFFA9E00F676BD /* CreateCustomExerciseView.swift in Sources */,
				F6EA7BCA2C578BAF005225A0 /* WorkoutListViewModel.swift in Sources */,
				F6336E1C300148D9006ECA08 /* ReportMetricInfoView.swift in Sources */,
				F62818452C62408D003642F8 /* ExerciseTypeModel.swift in Sources */,
				F6CF51A43007EC7200D35E28 /* SupersetEditView.swift in Sources */,
				F660FFA930000D0600F676BD /* ExerciseTypeIconView.swift in Sources */,
				F6CCEE062FFD27A300686CFB /* LocalNotificationManager.swift in Sources */,
				F68D60672C76193500783E54 /* TimeInterval+Utils.swift in Sources */,
				F6EA7BE02C57DEF6005225A0 /* ExerciseListViewModel.swift in Sources */,
				F64CF04A2FF55BE0009FB938 /* ReportExerciseSetComparisonCell.swift in Sources */,
				F6EA7BE42C57F6F9005225A0 /* ExerciseViewModel.swift in Sources */,
				F6CF519A3007DEF500D35E28 /* ExerciseItemKind.swift in Sources */,
				F6CB130D2C9B172700B9FCFC /* ReportsCalendarViewModel.swift in Sources */,
				F6164EAE2C9066860019C0AF /* WorkoutManager.swift in Sources */,
				F62818482C6249B7003642F8 /* ExerciseCategory.swift in Sources */,
				F6186DF02FFEAF420018B216 /* ExerciseTrackingType.swift in Sources */,
				F6180DDB2C5A6D55009A23A7 /* EditNameView.swift in Sources */,
				F62187E130091D4500F73704 /* UnitFormatter.swift in Sources */,
				F625F2B92FF927C90074FE79 /* MonthPickerSheet.swift in Sources */,
				F677A0742FFBBCCF00101B33 /* CalendarView.swift in Sources */,
				F69BD1232C550E8F0057080E /* DataContainer.swift in Sources */,
				F6CB90412C7768ED002529A6 /* ExerciseEditViewModel.swift in Sources */,
				F625F2AF2FF8F42A0074FE79 /* ReportDashboardViewModel.swift in Sources */,
				F6EA7BD42C57B2A3005225A0 /* WorkoutGroupListView.swift in Sources */,
				F68D60652C760C4B00783E54 /* CircularProgressView.swift in Sources */,
				F6EA7BCC2C579333005225A0 /* WorkoutModel.swift in Sources */,
				F6DD68AF2C65050A004EFB03 /* ExerciseTypeViewModel.swift in Sources */,
				F6E13B57301145EA0003970A /* SettingsViewModel.swift in Sources */,
				F62187DF300915DE00F73704 /* SettingsView.swift in Sources */,
				F656783D2FF42AE100250F44 /* ReportStatusService.swift in Sources */,
				F6186DF82FFEDBF10018B216 /* ReportExerciseHistoryView.swift in Sources */,
				F6336E1A30011993006ECA08 /* View+KeyboardAccessory.swift in Sources */,
				F625F2BB2FF93A380074FE79 /* ReportDashboardDataBuilder.swift in Sources */,
				F6CB903F2C77687E002529A6 /* ExerciseEditView.swift in Sources */,
				F6DD68AD2C6503C9004EFB03 /* ExerciseTypeCell.swift in Sources */,
				F6CF51A03007EC2A00D35E28 /* SupersetEditViewModel.swift in Sources */,
				F6EA7BDC2C57DDF0005225A0 /* ExerciseListView.swift in Sources */,
				F6DD68AB2C64FF71004EFB03 /* ExerciseTypeView.swift in Sources */,
				F69BD12C2C551B400057080E /* ExerciseModelDB.swift in Sources */,
				F632E90E2C9C2C6E009C7BE1 /* ReportViewModel.swift in Sources */,
			);
			runOnlyForDeploymentPostprocessing = 0;
		};
		F69BD0D22C54F8DB0057080E /* Sources */ = {
			isa = PBXSourcesBuildPhase;
			buildActionMask = 2147483647;
			files = (
				F69BD0DB2C54F8DB0057080E /* iTrainerTests.swift in Sources */,
			);
			runOnlyForDeploymentPostprocessing = 0;
		};
		F69BD0DC2C54F8DB0057080E /* Sources */ = {
			isa = PBXSourcesBuildPhase;
			buildActionMask = 2147483647;
			files = (
				F69BD0E72C54F8DB0057080E /* iTrainerUITestsLaunchTests.swift in Sources */,
				F69BD0E52C54F8DB0057080E /* iTrainerUITests.swift in Sources */,
			);
			runOnlyForDeploymentPostprocessing = 0;
		};
/* End PBXSourcesBuildPhase section */

/* Begin PBXTargetDependency section */
		F69BD0D82C54F8DB0057080E /* PBXTargetDependency */ = {
			isa = PBXTargetDependency;
			target = F69BD0C32C54F8DA0057080E /* iTrainer */;
			targetProxy = F69BD0D72C54F8DB0057080E /* PBXContainerItemProxy */;
		};
		F69BD0E22C54F8DB0057080E /* PBXTargetDependency */ = {
			isa = PBXTargetDependency;
			target = F69BD0C32C54F8DA0057080E /* iTrainer */;
			targetProxy = F69BD0E12C54F8DB0057080E /* PBXContainerItemProxy */;
		};
/* End PBXTargetDependency section */

/* Begin PBXVariantGroup section */
		F6336E1D30016236006ECA08 /* ExerciseInfo.strings */ = {
			isa = PBXVariantGroup;
			children = (
				F6336E1E30016236006ECA08 /* en */,
				F6336E2030016246006ECA08 /* ru */,
				F6B100092D16000100000009 /* uk */,
				F6B1000A2D1600010000000A /* pl */,
				F6B1000B2D1600010000000B /* es */,
				F6B1000C2D1600010000000C /* de */,
			);
			name = ExerciseInfo.strings;
			sourceTree = "<group>";
		};
		F6336E25300172A0006ECA08 /* ExerciseCatalog.strings */ = {
			isa = PBXVariantGroup;
			children = (
				F6336E26300172A0006ECA08 /* en */,
				F6336E27300172A0006ECA08 /* ru */,
				F6B100052D16000100000005 /* uk */,
				F6B100062D16000100000006 /* pl */,
				F6B100072D16000100000007 /* es */,
				F6B100082D16000100000008 /* de */,
			);
			name = ExerciseCatalog.strings;
			sourceTree = "<group>";
		};
		F6A1000C2D1500010000000C /* Localizable.strings */ = {
			isa = PBXVariantGroup;
			children = (
				F6A1000A2D1500010000000A /* en */,
				F6A1000B2D1500010000000B /* ru */,
				F6B100012D16000100000001 /* uk */,
				F6B100022D16000100000002 /* pl */,
				F6B100032D16000100000003 /* es */,
				F6B100042D16000100000004 /* de */,
			);
			name = Localizable.strings;
			sourceTree = "<group>";
		};
/* End PBXVariantGroup section */

/* Begin XCBuildConfiguration section */
		F69BD0E82C54F8DB0057080E /* Debug */ = {
			isa = XCBuildConfiguration;
			buildSettings = {
				ALWAYS_SEARCH_USER_PATHS = NO;
				ASSETCATALOG_COMPILER_GENERATE_SWIFT_ASSET_SYMBOL_EXTENSIONS = YES;
				CLANG_ANALYZER_NONNULL = YES;
				CLANG_ANALYZER_NUMBER_OBJECT_CONVERSION = YES_AGGRESSIVE;
				CLANG_CXX_LANGUAGE_STANDARD = "gnu++20";
				CLANG_ENABLE_MODULES = YES;
				CLANG_ENABLE_OBJC_ARC = YES;
				CLANG_ENABLE_OBJC_WEAK = YES;
				CLANG_WARN_BLOCK_CAPTURE_AUTORELEASING = YES;
				CLANG_WARN_BOOL_CONVERSION = YES;
				CLANG_WARN_COMMA = YES;
				CLANG_WARN_CONSTANT_CONVERSION = YES;
				CLANG_WARN_DEPRECATED_OBJC_IMPLEMENTATIONS = YES;
				CLANG_WARN_DIRECT_OBJC_ISA_USAGE = YES_ERROR;
				CLANG_WARN_DOCUMENTATION_COMMENTS = YES;
				CLANG_WARN_EMPTY_BODY = YES;
				CLANG_WARN_ENUM_CONVERSION = YES;
				CLANG_WARN_INFINITE_RECURSION = YES;
				CLANG_WARN_INT_CONVERSION = YES;
				CLANG_WARN_NON_LITERAL_NULL_CONVERSION = YES;
				CLANG_WARN_OBJC_IMPLICIT_RETAIN_SELF = YES;
				CLANG_WARN_OBJC_LITERAL_CONVERSION = YES;
				CLANG_WARN_OBJC_ROOT_CLASS = YES_ERROR;
				CLANG_WARN_QUOTED_INCLUDE_IN_FRAMEWORK_HEADER = YES;
				CLANG_WARN_RANGE_LOOP_ANALYSIS = YES;
				CLANG_WARN_STRICT_PROTOTYPES = YES;
				CLANG_WARN_SUSPICIOUS_MOVE = YES;
				CLANG_WARN_UNGUARDED_AVAILABILITY = YES_AGGRESSIVE;
				CLANG_WARN_UNREACHABLE_CODE = YES;
				CLANG_WARN__DUPLICATE_METHOD_MATCH = YES;
				COPY_PHASE_STRIP = NO;
				DEBUG_INFORMATION_FORMAT = dwarf;
				ENABLE_STRICT_OBJC_MSGSEND = YES;
				ENABLE_TESTABILITY = YES;
				ENABLE_USER_SCRIPT_SANDBOXING = YES;
				GCC_C_LANGUAGE_STANDARD = gnu17;
				GCC_DYNAMIC_NO_PIC = NO;
				GCC_NO_COMMON_BLOCKS = YES;
				GCC_OPTIMIZATION_LEVEL = 0;
				GCC_PREPROCESSOR_DEFINITIONS = (
					"DEBUG=1",
					"$(inherited)",
				);
				GCC_WARN_64_TO_32_BIT_CONVERSION = YES;
				GCC_WARN_ABOUT_RETURN_TYPE = YES_ERROR;
				GCC_WARN_UNDECLARED_SELECTOR = YES;
				GCC_WARN_UNINITIALIZED_AUTOS = YES_AGGRESSIVE;
				GCC_WARN_UNUSED_FUNCTION = YES;
				GCC_WARN_UNUSED_VARIABLE = YES;
				IPHONEOS_DEPLOYMENT_TARGET = 17.0;
				LOCALIZATION_PREFERS_STRING_CATALOGS = YES;
				MTL_ENABLE_DEBUG_INFO = INCLUDE_SOURCE;
				MTL_FAST_MATH = YES;
				ONLY_ACTIVE_ARCH = YES;
				SDKROOT = iphoneos;
				SWIFT_ACTIVE_COMPILATION_CONDITIONS = "DEBUG $(inherited)";
				SWIFT_OPTIMIZATION_LEVEL = "-Onone";
			};
			name = Debug;
		};
		F69BD0E92C54F8DB0057080E /* Release */ = {
			isa = XCBuildConfiguration;
			buildSettings = {
				ALWAYS_SEARCH_USER_PATHS = NO;
				ASSETCATALOG_COMPILER_GENERATE_SWIFT_ASSET_SYMBOL_EXTENSIONS = YES;
				CLANG_ANALYZER_NONNULL = YES;
				CLANG_ANALYZER_NUMBER_OBJECT_CONVERSION = YES_AGGRESSIVE;
				CLANG_CXX_LANGUAGE_STANDARD = "gnu++20";
				CLANG_ENABLE_MODULES = YES;
				CLANG_ENABLE_OBJC_ARC = YES;
				CLANG_ENABLE_OBJC_WEAK = YES;
				CLANG_WARN_BLOCK_CAPTURE_AUTORELEASING = YES;
				CLANG_WARN_BOOL_CONVERSION = YES;
				CLANG_WARN_COMMA = YES;
				CLANG_WARN_CONSTANT_CONVERSION = YES;
				CLANG_WARN_DEPRECATED_OBJC_IMPLEMENTATIONS = YES;
				CLANG_WARN_DIRECT_OBJC_ISA_USAGE = YES_ERROR;
				CLANG_WARN_DOCUMENTATION_COMMENTS = YES;
				CLANG_WARN_EMPTY_BODY = YES;
				CLANG_WARN_ENUM_CONVERSION = YES;
				CLANG_WARN_INFINITE_RECURSION = YES;
				CLANG_WARN_INT_CONVERSION = YES;
				CLANG_WARN_NON_LITERAL_NULL_CONVERSION = YES;
				CLANG_WARN_OBJC_IMPLICIT_RETAIN_SELF = YES;
				CLANG_WARN_OBJC_LITERAL_CONVERSION = YES;
				CLANG_WARN_OBJC_ROOT_CLASS = YES_ERROR;
				CLANG_WARN_QUOTED_INCLUDE_IN_FRAMEWORK_HEADER = YES;
				CLANG_WARN_RANGE_LOOP_ANALYSIS = YES;
				CLANG_WARN_STRICT_PROTOTYPES = YES;
				CLANG_WARN_SUSPICIOUS_MOVE = YES;
				CLANG_WARN_UNGUARDED_AVAILABILITY = YES_AGGRESSIVE;
				CLANG_WARN_UNREACHABLE_CODE = YES;
				CLANG_WARN__DUPLICATE_METHOD_MATCH = YES;
				COPY_PHASE_STRIP = NO;
				DEBUG_INFORMATION_FORMAT = "dwarf-with-dsym";
				ENABLE_NS_ASSERTIONS = NO;
				ENABLE_STRICT_OBJC_MSGSEND = YES;
				ENABLE_USER_SCRIPT_SANDBOXING = YES;
				GCC_C_LANGUAGE_STANDARD = gnu17;
				GCC_NO_COMMON_BLOCKS = YES;
				GCC_WARN_64_TO_32_BIT_CONVERSION = YES;
				GCC_WARN_ABOUT_RETURN_TYPE = YES_ERROR;
				GCC_WARN_UNDECLARED_SELECTOR = YES;
				GCC_WARN_UNINITIALIZED_AUTOS = YES_AGGRESSIVE;
				GCC_WARN_UNUSED_FUNCTION = YES;
				GCC_WARN_UNUSED_VARIABLE = YES;
				IPHONEOS_DEPLOYMENT_TARGET = 17.0;
				LOCALIZATION_PREFERS_STRING_CATALOGS = YES;
				MTL_ENABLE_DEBUG_INFO = NO;
				MTL_FAST_MATH = YES;
				SDKROOT = iphoneos;
				SWIFT_COMPILATION_MODE = wholemodule;
				VALIDATE_PRODUCT = YES;
			};
			name = Release;
		};
		F69BD0EB2C54F8DB0057080E /* Debug */ = {
			isa = XCBuildConfiguration;
			buildSettings = {
				ASSETCATALOG_COMPILER_APPICON_NAME = AppIcon;
				ASSETCATALOG_COMPILER_GLOBAL_ACCENT_COLOR_NAME = AccentColor;
				CODE_SIGN_STYLE = Automatic;
				CURRENT_PROJECT_VERSION = 1;
				DEVELOPMENT_ASSET_PATHS = "\"iTrainer/Preview Content\"";
				DEVELOPMENT_TEAM = G55R78L3UN;
				ENABLE_PREVIEWS = YES;
				GENERATE_INFOPLIST_FILE = NO;
				INFOPLIST_FILE = "iTrainer-Info.plist";
				IPHONEOS_DEPLOYMENT_TARGET = 26.0;
				LD_RUNPATH_SEARCH_PATHS = (
					"$(inherited)",
					"@executable_path/Frameworks",
				);
				MARKETING_VERSION = 1.0;
				PRODUCT_BUNDLE_IDENTIFIER = qwe.iTrainer;
				PRODUCT_NAME = "$(TARGET_NAME)";
				SWIFT_EMIT_LOC_STRINGS = YES;
				SWIFT_VERSION = 5.0;
				TARGETED_DEVICE_FAMILY = "1,2";
			};
			name = Debug;
		};
		F69BD0EC2C54F8DB0057080E /* Release */ = {
			isa = XCBuildConfiguration;
			buildSettings = {
				ASSETCATALOG_COMPILER_APPICON_NAME = AppIcon;
				ASSETCATALOG_COMPILER_GLOBAL_ACCENT_COLOR_NAME = AccentColor;
				CODE_SIGN_STYLE = Automatic;
				CURRENT_PROJECT_VERSION = 1;
				DEVELOPMENT_ASSET_PATHS = "\"iTrainer/Preview Content\"";
				DEVELOPMENT_TEAM = G55R78L3UN;
				ENABLE_PREVIEWS = YES;
				GENERATE_INFOPLIST_FILE = NO;
				INFOPLIST_FILE = "iTrainer-Info.plist";
				IPHONEOS_DEPLOYMENT_TARGET = 26.0;
				LD_RUNPATH_SEARCH_PATHS = (
					"$(inherited)",
					"@executable_path/Frameworks",
				);
				MARKETING_VERSION = 1.0;
				PRODUCT_BUNDLE_IDENTIFIER = qwe.iTrainer;
				PRODUCT_NAME = "$(TARGET_NAME)";
				SWIFT_EMIT_LOC_STRINGS = YES;
				SWIFT_VERSION = 5.0;
				TARGETED_DEVICE_FAMILY = "1,2";
			};
			name = Release;
		};
		F69BD0EE2C54F8DB0057080E /* Debug */ = {
			isa = XCBuildConfiguration;
			buildSettings = {
				ALWAYS_EMBED_SWIFT_STANDARD_LIBRARIES = YES;
				BUNDLE_LOADER = "$(TEST_HOST)";
				CODE_SIGN_STYLE = Automatic;
				CURRENT_PROJECT_VERSION = 1;
				DEVELOPMENT_TEAM = G55R78L3UN;
				GENERATE_INFOPLIST_FILE = YES;
				IPHONEOS_DEPLOYMENT_TARGET = 26.0;
				MARKETING_VERSION = 1.0;
				PRODUCT_BUNDLE_IDENTIFIER = qwe.iTrainerTests;
				PRODUCT_NAME = "$(TARGET_NAME)";
				SWIFT_EMIT_LOC_STRINGS = NO;
				SWIFT_VERSION = 5.0;
				TARGETED_DEVICE_FAMILY = "1,2";
				TEST_HOST = "$(BUILT_PRODUCTS_DIR)/iTrainer.app/$(BUNDLE_EXECUTABLE_FOLDER_PATH)/iTrainer";
			};
			name = Debug;
		};
		F69BD0EF2C54F8DB0057080E /* Release */ = {
			isa = XCBuildConfiguration;
			buildSettings = {
				ALWAYS_EMBED_SWIFT_STANDARD_LIBRARIES = YES;
				BUNDLE_LOADER = "$(TEST_HOST)";
				CODE_SIGN_STYLE = Automatic;
				CURRENT_PROJECT_VERSION = 1;
				DEVELOPMENT_TEAM = G55R78L3UN;
				GENERATE_INFOPLIST_FILE = YES;
				IPHONEOS_DEPLOYMENT_TARGET = 26.0;
				MARKETING_VERSION = 1.0;
				PRODUCT_BUNDLE_IDENTIFIER = qwe.iTrainerTests;
				PRODUCT_NAME = "$(TARGET_NAME)";
				SWIFT_EMIT_LOC_STRINGS = NO;
				SWIFT_VERSION = 5.0;
				TARGETED_DEVICE_FAMILY = "1,2";
				TEST_HOST = "$(BUILT_PRODUCTS_DIR)/iTrainer.app/$(BUNDLE_EXECUTABLE_FOLDER_PATH)/iTrainer";
			};
			name = Release;
		};
		F69BD0F12C54F8DB0057080E /* Debug */ = {
			isa = XCBuildConfiguration;
			buildSettings = {
				ALWAYS_EMBED_SWIFT_STANDARD_LIBRARIES = YES;
				CODE_SIGN_STYLE = Automatic;
				CURRENT_PROJECT_VERSION = 1;
				DEVELOPMENT_TEAM = G55R78L3UN;
				GENERATE_INFOPLIST_FILE = YES;
				IPHONEOS_DEPLOYMENT_TARGET = 26.0;
				MARKETING_VERSION = 1.0;
				PRODUCT_BUNDLE_IDENTIFIER = qwe.iTrainerUITests;
				PRODUCT_NAME = "$(TARGET_NAME)";
				SWIFT_EMIT_LOC_STRINGS = NO;
				SWIFT_VERSION = 5.0;
				TARGETED_DEVICE_FAMILY = "1,2";
				TEST_TARGET_NAME = iTrainer;
			};
			name = Debug;
		};
		F69BD0F22C54F8DB0057080E /* Release */ = {
			isa = XCBuildConfiguration;
			buildSettings = {
				ALWAYS_EMBED_SWIFT_STANDARD_LIBRARIES = YES;
				CODE_SIGN_STYLE = Automatic;
				CURRENT_PROJECT_VERSION = 1;
				DEVELOPMENT_TEAM = G55R78L3UN;
				GENERATE_INFOPLIST_FILE = YES;
				IPHONEOS_DEPLOYMENT_TARGET = 26.0;
				MARKETING_VERSION = 1.0;
				PRODUCT_BUNDLE_IDENTIFIER = qwe.iTrainerUITests;
				PRODUCT_NAME = "$(TARGET_NAME)";
				SWIFT_EMIT_LOC_STRINGS = NO;
				SWIFT_VERSION = 5.0;
				TARGETED_DEVICE_FAMILY = "1,2";
				TEST_TARGET_NAME = iTrainer;
			};
			name = Release;
		};
/* End XCBuildConfiguration section */

/* Begin XCConfigurationList section */
		F69BD0BF2C54F8DA0057080E /* Build configuration list for PBXProject "iTrainer" */ = {
			isa = XCConfigurationList;
			buildConfigurations = (
				F69BD0E82C54F8DB0057080E /* Debug */,
				F69BD0E92C54F8DB0057080E /* Release */,
			);
			defaultConfigurationIsVisible = 0;
			defaultConfigurationName = Release;
		};
		F69BD0EA2C54F8DB0057080E /* Build configuration list for PBXNativeTarget "iTrainer" */ = {
			isa = XCConfigurationList;
			buildConfigurations = (
				F69BD0EB2C54F8DB0057080E /* Debug */,
				F69BD0EC2C54F8DB0057080E /* Release */,
			);
			defaultConfigurationIsVisible = 0;
			defaultConfigurationName = Release;
		};
		F69BD0ED2C54F8DB0057080E /* Build configuration list for PBXNativeTarget "iTrainerTests" */ = {
			isa = XCConfigurationList;
			buildConfigurations = (
				F69BD0EE2C54F8DB0057080E /* Debug */,
				F69BD0EF2C54F8DB0057080E /* Release */,
			);
			defaultConfigurationIsVisible = 0;
			defaultConfigurationName = Release;
		};
		F69BD0F02C54F8DB0057080E /* Build configuration list for PBXNativeTarget "iTrainerUITests" */ = {
			isa = XCConfigurationList;
			buildConfigurations = (
				F69BD0F12C54F8DB0057080E /* Debug */,
				F69BD0F22C54F8DB0057080E /* Release */,
			);
			defaultConfigurationIsVisible = 0;
			defaultConfigurationName = Release;
		};
/* End XCConfigurationList section */
	};
	rootObject = F69BD0BC2C54F8DA0057080E /* Project object */;
}
