// !$*UTF8*$!
{
	archiveVersion = 1;
	classes = {
	};
	objectVersion = 56;
	objects = {

/* Begin PBXBuildFile section */
		F6078BA32C5CF1BE00531302 /* EditSetsView.swift in Sources */ = {isa = PBXBuildFile; fileRef = F6078BA22C5CF1BE00531302 /* EditSetsView.swift */; };
		F6180DDB2C5A6D55009A23A7 /* EditNameView.swift in Sources */ = {isa = PBXBuildFile; fileRef = F6180DDA2C5A6D55009A23A7 /* EditNameView.swift */; };
		F62818452C62408D003642F8 /* ExerciseTypeModel.swift in Sources */ = {isa = PBXBuildFile; fileRef = F62818442C62408D003642F8 /* ExerciseTypeModel.swift */; };
		F62818482C6249B7003642F8 /* MuscleType.swift in Sources */ = {isa = PBXBuildFile; fileRef = F62818472C6249B7003642F8 /* MuscleType.swift */; };
		F630C9512C79E92F00049730 /* AKTextFieldStyle.swift in Sources */ = {isa = PBXBuildFile; fileRef = F630C9502C79E92F00049730 /* AKTextFieldStyle.swift */; };
		F66CBE2D2C8DD8A80025B87F /* ReportExerciseModelDB.swift in Sources */ = {isa = PBXBuildFile; fileRef = F66CBE2C2C8DD8A80025B87F /* ReportExerciseModelDB.swift */; };
		F66CBE2F2C8DDEB50025B87F /* ReportSetsModelDB.swift in Sources */ = {isa = PBXBuildFile; fileRef = F66CBE2E2C8DDEB50025B87F /* ReportSetsModelDB.swift */; };
		F66CBE322C8DEA2A0025B87F /* ReportWorkoutModel.swift in Sources */ = {isa = PBXBuildFile; fileRef = F66CBE312C8DEA2A0025B87F /* ReportWorkoutModel.swift */; };
		F66CBE342C8DEBA80025B87F /* ReportExerciseModel.swift in Sources */ = {isa = PBXBuildFile; fileRef = F66CBE332C8DEBA80025B87F /* ReportExerciseModel.swift */; };
		F66CBE362C8DECF10025B87F /* ReportSetsModel.swift in Sources */ = {isa = PBXBuildFile; fileRef = F66CBE352C8DECF10025B87F /* ReportSetsModel.swift */; };
		F68D60652C760C4B00783E54 /* CircularProgressView.swift in Sources */ = {isa = PBXBuildFile; fileRef = F68D60642C760C4B00783E54 /* CircularProgressView.swift */; };
		F68D60672C76193500783E54 /* TimeInterval+Utils.swift in Sources */ = {isa = PBXBuildFile; fileRef = F68D60662C76193500783E54 /* TimeInterval+Utils.swift */; };
		F6946BC52C8C5FD300089148 /* ReportWorkoutModelDB.swift in Sources */ = {isa = PBXBuildFile; fileRef = F6946BC42C8C5FD300089148 /* ReportWorkoutModelDB.swift */; };
		F69BD0C82C54F8DA0057080E /* iTrainerApp.swift in Sources */ = {isa = PBXBuildFile; fileRef = F69BD0C72C54F8DA0057080E /* iTrainerApp.swift */; };
		F69BD0CA2C54F8DA0057080E /* ContentView.swift in Sources */ = {isa = PBXBuildFile; fileRef = F69BD0C92C54F8DA0057080E /* ContentView.swift */; };
		F69BD0CC2C54F8DA0057080E /* Item.swift in Sources */ = {isa = PBXBuildFile; fileRef = F69BD0CB2C54F8DA0057080E /* Item.swift */; };
		F69BD0CE2C54F8DB0057080E /* Assets.xcassets in Resources */ = {isa = PBXBuildFile; fileRef = F69BD0CD2C54F8DB0057080E /* Assets.xcassets */; };
		F69BD0D12C54F8DB0057080E /* Preview Assets.xcassets in Resources */ = {isa = PBXBuildFile; fileRef = F69BD0D02C54F8DB0057080E /* Preview Assets.xcassets */; };
		F69BD0DB2C54F8DB0057080E /* iTrainerTests.swift in Sources */ = {isa = PBXBuildFile; fileRef = F69BD0DA2C54F8DB0057080E /* iTrainerTests.swift */; };
		F69BD0E52C54F8DB0057080E /* iTrainerUITests.swift in Sources */ = {isa = PBXBuildFile; fileRef = F69BD0E42C54F8DB0057080E /* iTrainerUITests.swift */; };
		F69BD0E72C54F8DB0057080E /* iTrainerUITestsLaunchTests.swift in Sources */ = {isa = PBXBuildFile; fileRef = F69BD0E62C54F8DB0057080E /* iTrainerUITestsLaunchTests.swift */; };
		F69BD0FB2C54FB0E0057080E /* MailView.swift in Sources */ = {isa = PBXBuildFile; fileRef = F69BD0FA2C54FB0E0057080E /* MailView.swift */; };
		F69BD0FD2C54FB190057080E /* AKDisabledButtonStyle.swift in Sources */ = {isa = PBXBuildFile; fileRef = F69BD0FC2C54FB190057080E /* AKDisabledButtonStyle.swift */; };
		F69BD0FF2C54FBC10057080E /* View+Utils.swift in Sources */ = {isa = PBXBuildFile; fileRef = F69BD0FE2C54FBC10057080E /* View+Utils.swift */; };
		F69BD1012C54FBEE0057080E /* NetworkUtils.swift in Sources */ = {isa = PBXBuildFile; fileRef = F69BD1002C54FBEE0057080E /* NetworkUtils.swift */; };
		F69BD1072C54FC170057080E /* NetworkClient.swift in Sources */ = {isa = PBXBuildFile; fileRef = F69BD1032C54FC170057080E /* NetworkClient.swift */; };
		F69BD1092C54FC170057080E /* NetworkProvider.swift in Sources */ = {isa = PBXBuildFile; fileRef = F69BD1052C54FC170057080E /* NetworkProvider.swift */; };
		F69BD10A2C54FC170057080E /* ServiceErrors.swift in Sources */ = {isa = PBXBuildFile; fileRef = F69BD1062C54FC170057080E /* ServiceErrors.swift */; };
		F69BD1112C54FEA70057080E /* Alamofire in Frameworks */ = {isa = PBXBuildFile; productRef = F69BD1102C54FEA70057080E /* Alamofire */; };
		F69BD1142C5500580057080E /* ServiceRouter.swift in Sources */ = {isa = PBXBuildFile; fileRef = F69BD1122C5500570057080E /* ServiceRouter.swift */; };
		F69BD1152C5500580057080E /* ServiceNetworkProvider.swift in Sources */ = {isa = PBXBuildFile; fileRef = F69BD1132C5500580057080E /* ServiceNetworkProvider.swift */; };
		F69BD11C2C5506B70057080E /* WorkoutListView.swift in Sources */ = {isa = PBXBuildFile; fileRef = F69BD11B2C5506B70057080E /* WorkoutListView.swift */; };
		F69BD11E2C5507200057080E /* DataManagerBackground.swift in Sources */ = {isa = PBXBuildFile; fileRef = F69BD11D2C5507200057080E /* DataManagerBackground.swift */; };
		F69BD1212C550A5C0057080E /* SDWebImageSwiftUI in Frameworks */ = {isa = PBXBuildFile; productRef = F69BD1202C550A5C0057080E /* SDWebImageSwiftUI */; };
		F69BD1232C550E8F0057080E /* DataContainer.swift in Sources */ = {isa = PBXBuildFile; fileRef = F69BD1222C550E8E0057080E /* DataContainer.swift */; };
		F69BD1252C5519AA0057080E /* DataItemsProtocol.swift in Sources */ = {isa = PBXBuildFile; fileRef = F69BD1242C5519AA0057080E /* DataItemsProtocol.swift */; };
		F69BD1272C551B040057080E /* WorkoutModelDB.swift in Sources */ = {isa = PBXBuildFile; fileRef = F69BD1262C551B040057080E /* WorkoutModelDB.swift */; };
		F69BD12A2C551B270057080E /* WorkoutGroupModelDB.swift in Sources */ = {isa = PBXBuildFile; fileRef = F69BD1292C551B270057080E /* WorkoutGroupModelDB.swift */; };
		F69BD12C2C551B400057080E /* ExerciseModelDB.swift in Sources */ = {isa = PBXBuildFile; fileRef = F69BD12B2C551B400057080E /* ExerciseModelDB.swift */; };
		F69BD12E2C551B4F0057080E /* SetsModelDB.swift in Sources */ = {isa = PBXBuildFile; fileRef = F69BD12D2C551B4F0057080E /* SetsModelDB.swift */; };
		F6C821C92C6FA2FF00A64CD1 /* SelectExerciseBarView.swift in Sources */ = {isa = PBXBuildFile; fileRef = F6C821C82C6FA2FF00A64CD1 /* SelectExerciseBarView.swift */; };
		F6CB903F2C77687E002529A6 /* ExerciseEditView.swift in Sources */ = {isa = PBXBuildFile; fileRef = F6CB903E2C77687E002529A6 /* ExerciseEditView.swift */; };
		F6CB90412C7768ED002529A6 /* ExerciseEditViewModel.swift in Sources */ = {isa = PBXBuildFile; fileRef = F6CB90402C7768ED002529A6 /* ExerciseEditViewModel.swift */; };
		F6CB90432C7794BF002529A6 /* SetEditCell.swift in Sources */ = {isa = PBXBuildFile; fileRef = F6CB90422C7794BF002529A6 /* SetEditCell.swift */; };
		F6DD68AB2C64FF71004EFB03 /* ExerciseTypeView.swift in Sources */ = {isa = PBXBuildFile; fileRef = F6DD68AA2C64FF71004EFB03 /* ExerciseTypeView.swift */; };
		F6DD68AD2C6503C9004EFB03 /* ExerciseTypeCell.swift in Sources */ = {isa = PBXBuildFile; fileRef = F6DD68AC2C6503C9004EFB03 /* ExerciseTypeCell.swift */; };
		F6DD68AF2C65050A004EFB03 /* ExerciseTypeViewModel.swift in Sources */ = {isa = PBXBuildFile; fileRef = F6DD68AE2C65050A004EFB03 /* ExerciseTypeViewModel.swift */; };
		F6DD68B12C650CAE004EFB03 /* MuscleTypeView.swift in Sources */ = {isa = PBXBuildFile; fileRef = F6DD68B02C650CAE004EFB03 /* MuscleTypeView.swift */; };
		F6E4161F2C7F982500E77EB4 /* Distance+Utils.swift in Sources */ = {isa = PBXBuildFile; fileRef = F6E4161E2C7F982500E77EB4 /* Distance+Utils.swift */; };
		F6EA7BCA2C578BAF005225A0 /* WorkoutListViewModel.swift in Sources */ = {isa = PBXBuildFile; fileRef = F6EA7BC92C578BAF005225A0 /* WorkoutListViewModel.swift */; };
		F6EA7BCC2C579333005225A0 /* WorkoutModel.swift in Sources */ = {isa = PBXBuildFile; fileRef = F6EA7BCB2C579332005225A0 /* WorkoutModel.swift */; };
		F6EA7BCE2C57ACEF005225A0 /* WorkoutGroupModel.swift in Sources */ = {isa = PBXBuildFile; fileRef = F6EA7BCD2C57ACEF005225A0 /* WorkoutGroupModel.swift */; };
		F6EA7BD02C57AD03005225A0 /* ExerciseModel.swift in Sources */ = {isa = PBXBuildFile; fileRef = F6EA7BCF2C57AD03005225A0 /* ExerciseModel.swift */; };
		F6EA7BD22C57AD17005225A0 /* SetsModel.swift in Sources */ = {isa = PBXBuildFile; fileRef = F6EA7BD12C57AD17005225A0 /* SetsModel.swift */; };
		F6EA7BD42C57B2A3005225A0 /* WorkoutGroupListView.swift in Sources */ = {isa = PBXBuildFile; fileRef = F6EA7BD32C57B2A3005225A0 /* WorkoutGroupListView.swift */; };
		F6EA7BD62C57B2C4005225A0 /* WorkoutGroupListViewModel.swift in Sources */ = {isa = PBXBuildFile; fileRef = F6EA7BD52C57B2C4005225A0 /* WorkoutGroupListViewModel.swift */; };
		F6EA7BD82C57D898005225A0 /* WorkoutListCell.swift in Sources */ = {isa = PBXBuildFile; fileRef = F6EA7BD72C57D898005225A0 /* WorkoutListCell.swift */; };
		F6EA7BDA2C57DA0F005225A0 /* WorkoutGroupCell.swift in Sources */ = {isa = PBXBuildFile; fileRef = F6EA7BD92C57DA0F005225A0 /* WorkoutGroupCell.swift */; };
		F6EA7BDC2C57DDF0005225A0 /* ExerciseListView.swift in Sources */ = {isa = PBXBuildFile; fileRef = F6EA7BDB2C57DDF0005225A0 /* ExerciseListView.swift */; };
		F6EA7BDE2C57DE6F005225A0 /* ExerciseCell.swift in Sources */ = {isa = PBXBuildFile; fileRef = F6EA7BDD2C57DE6F005225A0 /* ExerciseCell.swift */; };
		F6EA7BE02C57DEF6005225A0 /* ExerciseListViewModel.swift in Sources */ = {isa = PBXBuildFile; fileRef = F6EA7BDF2C57DEF6005225A0 /* ExerciseListViewModel.swift */; };
		F6EA7BE22C57F324005225A0 /* ExerciseView.swift in Sources */ = {isa = PBXBuildFile; fileRef = F6EA7BE12C57F324005225A0 /* ExerciseView.swift */; };
		F6EA7BE42C57F6F9005225A0 /* ExerciseViewModel.swift in Sources */ = {isa = PBXBuildFile; fileRef = F6EA7BE32C57F6F9005225A0 /* ExerciseViewModel.swift */; };
		F6EA7BE62C57F861005225A0 /* SetsCell.swift in Sources */ = {isa = PBXBuildFile; fileRef = F6EA7BE52C57F861005225A0 /* SetsCell.swift */; };
		F6F4CF282C6B71D600A5BBA9 /* ExerciseTypeListView.swift in Sources */ = {isa = PBXBuildFile; fileRef = F6F4CF272C6B71D600A5BBA9 /* ExerciseTypeListView.swift */; };
/* End PBXBuildFile section */

/* Begin PBXContainerItemProxy section */
		F69BD0D72C54F8DB0057080E /* PBXContainerItemProxy */ = {
			isa = PBXContainerItemProxy;
			containerPortal = F69BD0BC2C54F8DA0057080E /* Project object */;
			proxyType = 1;
			remoteGlobalIDString = F69BD0C32C54F8DA0057080E;
			remoteInfo = iTrainer;
		};
		F69BD0E12C54F8DB0057080E /* PBXContainerItemProxy */ = {
			isa = PBXContainerItemProxy;
			containerPortal = F69BD0BC2C54F8DA0057080E /* Project object */;
			proxyType = 1;
			remoteGlobalIDString = F69BD0C32C54F8DA0057080E;
			remoteInfo = iTrainer;
		};
/* End PBXContainerItemProxy section */

/* Begin PBXFileReference section */
		F6078BA22C5CF1BE00531302 /* EditSetsView.swift */ = {isa = PBXFileReference; lastKnownFileType = sourcecode.swift; path = EditSetsView.swift; sourceTree = "<group>"; };
		F6180DDA2C5A6D55009A23A7 /* EditNameView.swift */ = {isa = PBXFileReference; lastKnownFileType = sourcecode.swift; path = EditNameView.swift; sourceTree = "<group>"; };
		F62818442C62408D003642F8 /* ExerciseTypeModel.swift */ = {isa = PBXFileReference; lastKnownFileType = sourcecode.swift; path = ExerciseTypeModel.swift; sourceTree = "<group>"; };
		F62818472C6249B7003642F8 /* MuscleType.swift */ = {isa = PBXFileReference; lastKnownFileType = sourcecode.swift; path = MuscleType.swift; sourceTree = "<group>"; };
		F630C9502C79E92F00049730 /* AKTextFieldStyle.swift */ = {isa = PBXFileReference; lastKnownFileType = sourcecode.swift; path = AKTextFieldStyle.swift; sourceTree = "<group>"; };
		F66CBE2C2C8DD8A80025B87F /* ReportExerciseModelDB.swift */ = {isa = PBXFileReference; lastKnownFileType = sourcecode.swift; path = ReportExerciseModelDB.swift; sourceTree = "<group>"; };
		F66CBE2E2C8DDEB50025B87F /* ReportSetsModelDB.swift */ = {isa = PBXFileReference; lastKnownFileType = sourcecode.swift; path = ReportSetsModelDB.swift; sourceTree = "<group>"; };
		F66CBE312C8DEA2A0025B87F /* ReportWorkoutModel.swift */ = {isa = PBXFileReference; lastKnownFileType = sourcecode.swift; path = ReportWorkoutModel.swift; sourceTree = "<group>"; };
		F66CBE332C8DEBA80025B87F /* ReportExerciseModel.swift */ = {isa = PBXFileReference; lastKnownFileType = sourcecode.swift; path = ReportExerciseModel.swift; sourceTree = "<group>"; };
		F66CBE352C8DECF10025B87F /* ReportSetsModel.swift */ = {isa = PBXFileReference; lastKnownFileType = sourcecode.swift; path = ReportSetsModel.swift; sourceTree = "<group>"; };
		F68D60642C760C4B00783E54 /* CircularProgressView.swift */ = {isa = PBXFileReference; lastKnownFileType = sourcecode.swift; path = CircularProgressView.swift; sourceTree = "<group>"; };
		F68D60662C76193500783E54 /* TimeInterval+Utils.swift */ = {isa = PBXFileReference; lastKnownFileType = sourcecode.swift; path = "TimeInterval+Utils.swift"; sourceTree = "<group>"; };
		F6946BC42C8C5FD300089148 /* ReportWorkoutModelDB.swift */ = {isa = PBXFileReference; lastKnownFileType = sourcecode.swift; path = ReportWorkoutModelDB.swift; sourceTree = "<group>"; };
		F69BD0C42C54F8DA0057080E /* iTrainer.app */ = {isa = PBXFileReference; explicitFileType = wrapper.application; includeInIndex = 0; path = iTrainer.app; sourceTree = BUILT_PRODUCTS_DIR; };
		F69BD0C72C54F8DA0057080E /* iTrainerApp.swift */ = {isa = PBXFileReference; lastKnownFileType = sourcecode.swift; path = iTrainerApp.swift; sourceTree = "<group>"; };
		F69BD0C92C54F8DA0057080E /* ContentView.swift */ = {isa = PBXFileReference; lastKnownFileType = sourcecode.swift; path = ContentView.swift; sourceTree = "<group>"; };
		F69BD0CB2C54F8DA0057080E /* Item.swift */ = {isa = PBXFileReference; lastKnownFileType = sourcecode.swift; path = Item.swift; sourceTree = "<group>"; };
		F69BD0CD2C54F8DB0057080E /* Assets.xcassets */ = {isa = PBXFileReference; lastKnownFileType = folder.assetcatalog; path = Assets.xcassets; sourceTree = "<group>"; };
		F69BD0D02C54F8DB0057080E /* Preview Assets.xcassets */ = {isa = PBXFileReference; lastKnownFileType = folder.assetcatalog; path = "Preview Assets.xcassets"; sourceTree = "<group>"; };
		F69BD0D62C54F8DB0057080E /* iTrainerTests.xctest */ = {isa = PBXFileReference; explicitFileType = wrapper.cfbundle; includeInIndex = 0; path = iTrainerTests.xctest; sourceTree = BUILT_PRODUCTS_DIR; };
		F69BD0DA2C54F8DB0057080E /* iTrainerTests.swift */ = {isa = PBXFileReference; lastKnownFileType = sourcecode.swift; path = iTrainerTests.swift; sourceTree = "<group>"; };
		F69BD0E02C54F8DB0057080E /* iTrainerUITests.xctest */ = {isa = PBXFileReference; explicitFileType = wrapper.cfbundle; includeInIndex = 0; path = iTrainerUITests.xctest; sourceTree = BUILT_PRODUCTS_DIR; };
		F69BD0E42C54F8DB0057080E /* iTrainerUITests.swift */ = {isa = PBXFileReference; lastKnownFileType = sourcecode.swift; path = iTrainerUITests.swift; sourceTree = "<group>"; };
		F69BD0E62C54F8DB0057080E /* iTrainerUITestsLaunchTests.swift */ = {isa = PBXFileReference; lastKnownFileType = sourcecode.swift; path = iTrainerUITestsLaunchTests.swift; sourceTree = "<group>"; };
		F69BD0FA2C54FB0E0057080E /* MailView.swift */ = {isa = PBXFileReference; fileEncoding = 4; lastKnownFileType = sourcecode.swift; path = MailView.swift; sourceTree = "<group>"; };
		F69BD0FC2C54FB190057080E /* AKDisabledButtonStyle.swift */ = {isa = PBXFileReference; fileEncoding = 4; lastKnownFileType = sourcecode.swift; path = AKDisabledButtonStyle.swift; sourceTree = "<group>"; };
		F69BD0FE2C54FBC10057080E /* View+Utils.swift */ = {isa = PBXFileReference; fileEncoding = 4; lastKnownFileType = sourcecode.swift; path = "View+Utils.swift"; sourceTree = "<group>"; };
		F69BD1002C54FBEE0057080E /* NetworkUtils.swift */ = {isa = PBXFileReference; fileEncoding = 4; lastKnownFileType = sourcecode.swift; path = NetworkUtils.swift; sourceTree = "<group>"; };
		F69BD1032C54FC170057080E /* NetworkClient.swift */ = {isa = PBXFileReference; fileEncoding = 4; lastKnownFileType = sourcecode.swift; path = NetworkClient.swift; sourceTree = "<group>"; };
		F69BD1052C54FC170057080E /* NetworkProvider.swift */ = {isa = PBXFileReference; fileEncoding = 4; lastKnownFileType = sourcecode.swift; path = NetworkProvider.swift; sourceTree = "<group>"; };
		F69BD1062C54FC170057080E /* ServiceErrors.swift */ = {isa = PBXFileReference; fileEncoding = 4; lastKnownFileType = sourcecode.swift; path = ServiceErrors.swift; sourceTree = "<group>"; };
		F69BD1122C5500570057080E /* ServiceRouter.swift */ = {isa = PBXFileReference; fileEncoding = 4; lastKnownFileType = sourcecode.swift; path = ServiceRouter.swift; sourceTree = "<group>"; };
		F69BD1132C5500580057080E /* ServiceNetworkProvider.swift */ = {isa = PBXFileReference; fileEncoding = 4; lastKnownFileType = sourcecode.swift; path = ServiceNetworkProvider.swift; sourceTree = "<group>"; };
		F69BD11B2C5506B70057080E /* WorkoutListView.swift */ = {isa = PBXFileReference; lastKnownFileType = sourcecode.swift; path = WorkoutListView.swift; sourceTree = "<group>"; };
		F69BD11D2C5507200057080E /* DataManagerBackground.swift */ = {isa = PBXFileReference; fileEncoding = 4; lastKnownFileType = sourcecode.swift; path = DataManagerBackground.swift; sourceTree = "<group>"; };
		F69BD1222C550E8E0057080E /* DataContainer.swift */ = {isa = PBXFileReference; fileEncoding = 4; lastKnownFileType = sourcecode.swift; path = DataContainer.swift; sourceTree = "<group>"; };
		F69BD1242C5519AA0057080E /* DataItemsProtocol.swift */ = {isa = PBXFileReference; lastKnownFileType = sourcecode.swift; path = DataItemsProtocol.swift; sourceTree = "<group>"; };
		F69BD1262C551B040057080E /* WorkoutModelDB.swift */ = {isa = PBXFileReference; lastKnownFileType = sourcecode.swift; path = WorkoutModelDB.swift; sourceTree = "<group>"; };
		F69BD1292C551B270057080E /* WorkoutGroupModelDB.swift */ = {isa = PBXFileReference; lastKnownFileType = sourcecode.swift; path = WorkoutGroupModelDB.swift; sourceTree = "<group>"; };
		F69BD12B2C551B400057080E /* ExerciseModelDB.swift */ = {isa = PBXFileReference; lastKnownFileType = sourcecode.swift; path = ExerciseModelDB.swift; sourceTree = "<group>"; };
		F69BD12D2C551B4F0057080E /* SetsModelDB.swift */ = {isa = PBXFileReference; lastKnownFileType = sourcecode.swift; path = SetsModelDB.swift; sourceTree = "<group>"; };
		F6C821C82C6FA2FF00A64CD1 /* SelectExerciseBarView.swift */ = {isa = PBXFileReference; lastKnownFileType = sourcecode.swift; path = SelectExerciseBarView.swift; sourceTree = "<group>"; };
		F6CB903E2C77687E002529A6 /* ExerciseEditView.swift */ = {isa = PBXFileReference; lastKnownFileType = sourcecode.swift; path = ExerciseEditView.swift; sourceTree = "<group>"; };
		F6CB90402C7768ED002529A6 /* ExerciseEditViewModel.swift */ = {isa = PBXFileReference; lastKnownFileType = sourcecode.swift; path = ExerciseEditViewModel.swift; sourceTree = "<group>"; };
		F6CB90422C7794BF002529A6 /* SetEditCell.swift */ = {isa = PBXFileReference; lastKnownFileType = sourcecode.swift; path = SetEditCell.swift; sourceTree = "<group>"; };
		F6DD68AA2C64FF71004EFB03 /* ExerciseTypeView.swift */ = {isa = PBXFileReference; lastKnownFileType = sourcecode.swift; path = ExerciseTypeView.swift; sourceTree = "<group>"; };
		F6DD68AC2C6503C9004EFB03 /* ExerciseTypeCell.swift */ = {isa = PBXFileReference; lastKnownFileType = sourcecode.swift; path = ExerciseTypeCell.swift; sourceTree = "<group>"; };
		F6DD68AE2C65050A004EFB03 /* ExerciseTypeViewModel.swift */ = {isa = PBXFileReference; lastKnownFileType = sourcecode.swift; path = ExerciseTypeViewModel.swift; sourceTree = "<group>"; };
		F6DD68B02C650CAE004EFB03 /* MuscleTypeView.swift */ = {isa = PBXFileReference; lastKnownFileType = sourcecode.swift; path = MuscleTypeView.swift; sourceTree = "<group>"; };
		F6E4161E2C7F982500E77EB4 /* Distance+Utils.swift */ = {isa = PBXFileReference; lastKnownFileType = sourcecode.swift; path = "Distance+Utils.swift"; sourceTree = "<group>"; };
		F6EA7BC92C578BAF005225A0 /* WorkoutListViewModel.swift */ = {isa = PBXFileReference; lastKnownFileType = sourcecode.swift; path = WorkoutListViewModel.swift; sourceTree = "<group>"; };
		F6EA7BCB2C579332005225A0 /* WorkoutModel.swift */ = {isa = PBXFileReference; lastKnownFileType = sourcecode.swift; path = WorkoutModel.swift; sourceTree = "<group>"; };
		F6EA7BCD2C57ACEF005225A0 /* WorkoutGroupModel.swift */ = {isa = PBXFileReference; lastKnownFileType = sourcecode.swift; path = WorkoutGroupModel.swift; sourceTree = "<group>"; };
		F6EA7BCF2C57AD03005225A0 /* ExerciseModel.swift */ = {isa = PBXFileReference; lastKnownFileType = sourcecode.swift; path = ExerciseModel.swift; sourceTree = "<group>"; };
		F6EA7BD12C57AD17005225A0 /* SetsModel.swift */ = {isa = PBXFileReference; lastKnownFileType = sourcecode.swift; path = SetsModel.swift; sourceTree = "<group>"; };
		F6EA7BD32C57B2A3005225A0 /* WorkoutGroupListView.swift */ = {isa = PBXFileReference; lastKnownFileType = sourcecode.swift; path = WorkoutGroupListView.swift; sourceTree = "<group>"; };
		F6EA7BD52C57B2C4005225A0 /* WorkoutGroupListViewModel.swift */ = {isa = PBXFileReference; lastKnownFileType = sourcecode.swift; path = WorkoutGroupListViewModel.swift; sourceTree = "<group>"; };
		F6EA7BD72C57D898005225A0 /* WorkoutListCell.swift */ = {isa = PBXFileReference; lastKnownFileType = sourcecode.swift; path = WorkoutListCell.swift; sourceTree = "<group>"; };
		F6EA7BD92C57DA0F005225A0 /* WorkoutGroupCell.swift */ = {isa = PBXFileReference; lastKnownFileType = sourcecode.swift; path = WorkoutGroupCell.swift; sourceTree = "<group>"; };
		F6EA7BDB2C57DDF0005225A0 /* ExerciseListView.swift */ = {isa = PBXFileReference; lastKnownFileType = sourcecode.swift; path = ExerciseListView.swift; sourceTree = "<group>"; };
		F6EA7BDD2C57DE6F005225A0 /* ExerciseCell.swift */ = {isa = PBXFileReference; lastKnownFileType = sourcecode.swift; path = ExerciseCell.swift; sourceTree = "<group>"; };
		F6EA7BDF2C57DEF6005225A0 /* ExerciseListViewModel.swift */ = {isa = PBXFileReference; lastKnownFileType = sourcecode.swift; path = ExerciseListViewModel.swift; sourceTree = "<group>"; };
		F6EA7BE12C57F324005225A0 /* ExerciseView.swift */ = {isa = PBXFileReference; lastKnownFileType = sourcecode.swift; path = ExerciseView.swift; sourceTree = "<group>"; };
		F6EA7BE32C57F6F9005225A0 /* ExerciseViewModel.swift */ = {isa = PBXFileReference; lastKnownFileType = sourcecode.swift; path = ExerciseViewModel.swift; sourceTree = "<group>"; };
		F6EA7BE52C57F861005225A0 /* SetsCell.swift */ = {isa = PBXFileReference; lastKnownFileType = sourcecode.swift; path = SetsCell.swift; sourceTree = "<group>"; };
		F6F4CF272C6B71D600A5BBA9 /* ExerciseTypeListView.swift */ = {isa = PBXFileReference; lastKnownFileType = sourcecode.swift; path = ExerciseTypeListView.swift; sourceTree = "<group>"; };
/* End PBXFileReference section */

/* Begin PBXFrameworksBuildPhase section */
		F69BD0C12C54F8DA0057080E /* Frameworks */ = {
			isa = PBXFrameworksBuildPhase;
			buildActionMask = 2147483647;
			files = (
				F69BD1212C550A5C0057080E /* SDWebImageSwiftUI in Frameworks */,
				F69BD1112C54FEA70057080E /* Alamofire in Frameworks */,
			);
			runOnlyForDeploymentPostprocessing = 0;
		};
		F69BD0D32C54F8DB0057080E /* Frameworks */ = {
			isa = PBXFrameworksBuildPhase;
			buildActionMask = 2147483647;
			files = (
			);
			runOnlyForDeploymentPostprocessing = 0;
		};
		F69BD0DD2C54F8DB0057080E /* Frameworks */ = {
			isa = PBXFrameworksBuildPhase;
			buildActionMask = 2147483647;
			files = (
			);
			runOnlyForDeploymentPostprocessing = 0;
		};
/* End PBXFrameworksBuildPhase section */

/* Begin PBXGroup section */
		F66CBE2B2C8DCA920025B87F /* Report */ = {
			isa = PBXGroup;
			children = (
				F6946BC42C8C5FD300089148 /* ReportWorkoutModelDB.swift */,
				F66CBE2C2C8DD8A80025B87F /* ReportExerciseModelDB.swift */,
				F66CBE2E2C8DDEB50025B87F /* ReportSetsModelDB.swift */,
			);
			path = Report;
			sourceTree = "<group>";
		};
		F66CBE302C8DE9ED0025B87F /* Report */ = {
			isa = PBXGroup;
			children = (
				F66CBE312C8DEA2A0025B87F /* ReportWorkoutModel.swift */,
				F66CBE332C8DEBA80025B87F /* ReportExerciseModel.swift */,
				F66CBE352C8DECF10025B87F /* ReportSetsModel.swift */,
			);
			path = Report;
			sourceTree = "<group>";
		};
		F69BD0BB2C54F8DA0057080E = {
			isa = PBXGroup;
			children = (
				F69BD0C62C54F8DA0057080E /* iTrainer */,
				F69BD0D92C54F8DB0057080E /* iTrainerTests */,
				F69BD0E32C54F8DB0057080E /* iTrainerUITests */,
				F69BD0C52C54F8DA0057080E /* Products */,
				F69BD10C2C54FD6B0057080E /* Frameworks */,
			);
			sourceTree = "<group>";
		};
		F69BD0C52C54F8DA0057080E /* Products */ = {
			isa = PBXGroup;
			children = (
				F69BD0C42C54F8DA0057080E /* iTrainer.app */,
				F69BD0D62C54F8DB0057080E /* iTrainerTests.xctest */,
				F69BD0E02C54F8DB0057080E /* iTrainerUITests.xctest */,
			);
			name = Products;
			sourceTree = "<group>";
		};
		F69BD0C62C54F8DA0057080E /* iTrainer */ = {
			isa = PBXGroup;
			children = (
				F69BD0F92C54FA3A0057080E /* Utilities */,
				F69BD0F72C54F9E90057080E /* Extensions */,
				F69BD0F82C54FA230057080E /* Networking */,
				F69BD1132C5500580057080E /* ServiceNetworkProvider.swift */,
				F69BD1122C5500570057080E /* ServiceRouter.swift */,
				F69BD0F62C54F9CB0057080E /* Network Models */,
				F69BD0F42C54F9950057080E /* Data Base Models */,
				F69BD0F52C54F9B70057080E /* Models */,
				F69BD0F32C54F9820057080E /* Controls */,
				F69BD1162C5505140057080E /* Screens */,
				F69BD0C72C54F8DA0057080E /* iTrainerApp.swift */,
				F69BD0C92C54F8DA0057080E /* ContentView.swift */,
				F69BD11D2C5507200057080E /* DataManagerBackground.swift */,
				F69BD1222C550E8E0057080E /* DataContainer.swift */,
				F69BD0CB2C54F8DA0057080E /* Item.swift */,
				F69BD0CD2C54F8DB0057080E /* Assets.xcassets */,
				F69BD0CF2C54F8DB0057080E /* Preview Content */,
			);
			path = iTrainer;
			sourceTree = "<group>";
		};
		F69BD0CF2C54F8DB0057080E /* Preview Content */ = {
			isa = PBXGroup;
			children = (
				F69BD0D02C54F8DB0057080E /* Preview Assets.xcassets */,
			);
			path = "Preview Content";
			sourceTree = "<group>";
		};
		F69BD0D92C54F8DB0057080E /* iTrainerTests */ = {
			isa = PBXGroup;
			children = (
				F69BD0DA2C54F8DB0057080E /* iTrainerTests.swift */,
			);
			path = iTrainerTests;
			sourceTree = "<group>";
		};
		F69BD0E32C54F8DB0057080E /* iTrainerUITests */ = {
			isa = PBXGroup;
			children = (
				F69BD0E42C54F8DB0057080E /* iTrainerUITests.swift */,
				F69BD0E62C54F8DB0057080E /* iTrainerUITestsLaunchTests.swift */,
			);
			path = iTrainerUITests;
			sourceTree = "<group>";
		};
		F69BD0F32C54F9820057080E /* Controls */ = {
			isa = PBXGroup;
			children = (
				F69BD0FC2C54FB190057080E /* AKDisabledButtonStyle.swift */,
				F69BD0FA2C54FB0E0057080E /* MailView.swift */,
				F6180DDA2C5A6D55009A23A7 /* EditNameView.swift */,
				F6078BA22C5CF1BE00531302 /* EditSetsView.swift */,
				F68D60642C760C4B00783E54 /* CircularProgressView.swift */,
			);
			path = Controls;
			sourceTree = "<group>";
		};
		F69BD0F42C54F9950057080E /* Data Base Models */ = {
			isa = PBXGroup;
			children = (
				F69BD1242C5519AA0057080E /* DataItemsProtocol.swift */,
				F69BD1262C551B040057080E /* WorkoutModelDB.swift */,
				F69BD1292C551B270057080E /* WorkoutGroupModelDB.swift */,
				F69BD12B2C551B400057080E /* ExerciseModelDB.swift */,
				F69BD12D2C551B4F0057080E /* SetsModelDB.swift */,
				F66CBE2B2C8DCA920025B87F /* Report */,
			);
			path = "Data Base Models";
			sourceTree = "<group>";
		};
		F69BD0F52C54F9B70057080E /* Models */ = {
			isa = PBXGroup;
			children = (
				F6EA7BCB2C579332005225A0 /* WorkoutModel.swift */,
				F6EA7BCD2C57ACEF005225A0 /* WorkoutGroupModel.swift */,
				F6EA7BCF2C57AD03005225A0 /* ExerciseModel.swift */,
				F6EA7BD12C57AD17005225A0 /* SetsModel.swift */,
				F62818472C6249B7003642F8 /* MuscleType.swift */,
				F62818442C62408D003642F8 /* ExerciseTypeModel.swift */,
				F66CBE302C8DE9ED0025B87F /* Report */,
			);
			path = Models;
			sourceTree = "<group>";
		};
		F69BD0F62C54F9CB0057080E /* Network Models */ = {
			isa = PBXGroup;
			children = (
			);
			path = "Network Models";
			sourceTree = "<group>";
		};
		F69BD0F72C54F9E90057080E /* Extensions */ = {
			isa = PBXGroup;
			children = (
				F69BD0FE2C54FBC10057080E /* View+Utils.swift */,
				F68D60662C76193500783E54 /* TimeInterval+Utils.swift */,
				F6E4161E2C7F982500E77EB4 /* Distance+Utils.swift */,
			);
			path = Extensions;
			sourceTree = "<group>";
		};
		F69BD0F82C54FA230057080E /* Networking */ = {
			isa = PBXGroup;
			children = (
				F69BD1022C54FC170057080E /* NetworkProvider */,
			);
			path = Networking;
			sourceTree = "<group>";
		};
		F69BD0F92C54FA3A0057080E /* Utilities */ = {
			isa = PBXGroup;
			children = (
				F69BD1002C54FBEE0057080E /* NetworkUtils.swift */,
				F630C9502C79E92F00049730 /* AKTextFieldStyle.swift */,
			);
			path = Utilities;
			sourceTree = "<group>";
		};
		F69BD1022C54FC170057080E /* NetworkProvider */ = {
			isa = PBXGroup;
			children = (
				F69BD1032C54FC170057080E /* NetworkClient.swift */,
				F69BD1052C54FC170057080E /* NetworkProvider.swift */,
				F69BD1062C54FC170057080E /* ServiceErrors.swift */,
			);
			path = NetworkProvider;
			sourceTree = "<group>";
		};
		F69BD10C2C54FD6B0057080E /* Frameworks */ = {
			isa = PBXGroup;
			children = (
			);
			name = Frameworks;
			sourceTree = "<group>";
		};
		F69BD1162C5505140057080E /* Screens */ = {
			isa = PBXGroup;
			children = (
				F69BD1172C55054B0057080E /* Workout List */,
				F69BD1182C55056C0057080E /* Workout Groups */,
				F69BD1192C5505980057080E /* Exercise List */,
				F69BD11A2C5505CC0057080E /* Exercise */,
				F6DD68A92C64FF40004EFB03 /* Exercise Type View */,
			);
			path = Screens;
			sourceTree = "<group>";
		};
		F69BD1172C55054B0057080E /* Workout List */ = {
			isa = PBXGroup;
			children = (
				F69BD11B2C5506B70057080E /* WorkoutListView.swift */,
				F6EA7BD72C57D898005225A0 /* WorkoutListCell.swift */,
				F6EA7BC92C578BAF005225A0 /* WorkoutListViewModel.swift */,
			);
			path = "Workout List";
			sourceTree = "<group>";
		};
		F69BD1182C55056C0057080E /* Workout Groups */ = {
			isa = PBXGroup;
			children = (
				F6EA7BD32C57B2A3005225A0 /* WorkoutGroupListView.swift */,
				F6EA7BD92C57DA0F005225A0 /* WorkoutGroupCell.swift */,
				F6EA7BD52C57B2C4005225A0 /* WorkoutGroupListViewModel.swift */,
			);
			path = "Workout Groups";
			sourceTree = "<group>";
		};
		F69BD1192C5505980057080E /* Exercise List */ = {
			isa = PBXGroup;
			children = (
				F6EA7BDB2C57DDF0005225A0 /* ExerciseListView.swift */,
				F6EA7BDD2C57DE6F005225A0 /* ExerciseCell.swift */,
				F6EA7BDF2C57DEF6005225A0 /* ExerciseListViewModel.swift */,
			);
			path = "Exercise List";
			sourceTree = "<group>";
		};
		F69BD11A2C5505CC0057080E /* Exercise */ = {
			isa = PBXGroup;
			children = (
				F6EA7BE12C57F324005225A0 /* ExerciseView.swift */,
				F6EA7BE52C57F861005225A0 /* SetsCell.swift */,
				F6EA7BE32C57F6F9005225A0 /* ExerciseViewModel.swift */,
				F6CB903D2C776856002529A6 /* Exercise Edit */,
			);
			path = Exercise;
			sourceTree = "<group>";
		};
		F6CB903D2C776856002529A6 /* Exercise Edit */ = {
			isa = PBXGroup;
			children = (
				F6CB903E2C77687E002529A6 /* ExerciseEditView.swift */,
				F6CB90422C7794BF002529A6 /* SetEditCell.swift */,
				F6CB90402C7768ED002529A6 /* ExerciseEditViewModel.swift */,
			);
			path = "Exercise Edit";
			sourceTree = "<group>";
		};
		F6DD68A92C64FF40004EFB03 /* Exercise Type View */ = {
			isa = PBXGroup;
			children = (
				F6DD68AA2C64FF71004EFB03 /* ExerciseTypeView.swift */,
				F6C821C82C6FA2FF00A64CD1 /* SelectExerciseBarView.swift */,
				F6DD68AE2C65050A004EFB03 /* ExerciseTypeViewModel.swift */,
				F6DD68B02C650CAE004EFB03 /* MuscleTypeView.swift */,
				F6F4CF272C6B71D600A5BBA9 /* ExerciseTypeListView.swift */,
				F6DD68AC2C6503C9004EFB03 /* ExerciseTypeCell.swift */,
			);
			path = "Exercise Type View";
			sourceTree = "<group>";
		};
/* End PBXGroup section */

/* Begin PBXNativeTarget section */
		F69BD0C32C54F8DA0057080E /* iTrainer */ = {
			isa = PBXNativeTarget;
			buildConfigurationList = F69BD0EA2C54F8DB0057080E /* Build configuration list for PBXNativeTarget "iTrainer" */;
			buildPhases = (
				F69BD0C02C54F8DA0057080E /* Sources */,
				F69BD0C12C54F8DA0057080E /* Frameworks */,
				F69BD0C22C54F8DA0057080E /* Resources */,
			);
			buildRules = (
			);
			dependencies = (
			);
			name = iTrainer;
			packageProductDependencies = (
				F69BD1102C54FEA70057080E /* Alamofire */,
				F69BD1202C550A5C0057080E /* SDWebImageSwiftUI */,
			);
			productName = iTrainer;
			productReference = F69BD0C42C54F8DA0057080E /* iTrainer.app */;
			productType = "com.apple.product-type.application";
		};
		F69BD0D52C54F8DB0057080E /* iTrainerTests */ = {
			isa = PBXNativeTarget;
			buildConfigurationList = F69BD0ED2C54F8DB0057080E /* Build configuration list for PBXNativeTarget "iTrainerTests" */;
			buildPhases = (
				F69BD0D22C54F8DB0057080E /* Sources */,
				F69BD0D32C54F8DB0057080E /* Frameworks */,
				F69BD0D42C54F8DB0057080E /* Resources */,
			);
			buildRules = (
			);
			dependencies = (
				F69BD0D82C54F8DB0057080E /* PBXTargetDependency */,
			);
			name = iTrainerTests;
			productName = iTrainerTests;
			productReference = F69BD0D62C54F8DB0057080E /* iTrainerTests.xctest */;
			productType = "com.apple.product-type.bundle.unit-test";
		};
		F69BD0DF2C54F8DB0057080E /* iTrainerUITests */ = {
			isa = PBXNativeTarget;
			buildConfigurationList = F69BD0F02C54F8DB0057080E /* Build configuration list for PBXNativeTarget "iTrainerUITests" */;
			buildPhases = (
				F69BD0DC2C54F8DB0057080E /* Sources */,
				F69BD0DD2C54F8DB0057080E /* Frameworks */,
				F69BD0DE2C54F8DB0057080E /* Resources */,
			);
			buildRules = (
			);
			dependencies = (
				F69BD0E22C54F8DB0057080E /* PBXTargetDependency */,
			);
			name = iTrainerUITests;
			productName = iTrainerUITests;
			productReference = F69BD0E02C54F8DB0057080E /* iTrainerUITests.xctest */;
			productType = "com.apple.product-type.bundle.ui-testing";
		};
/* End PBXNativeTarget section */

/* Begin PBXProject section */
		F69BD0BC2C54F8DA0057080E /* Project object */ = {
			isa = PBXProject;
			attributes = {
				BuildIndependentTargetsInParallel = 1;
				LastSwiftUpdateCheck = 1500;
				LastUpgradeCheck = 1500;
				TargetAttributes = {
					F69BD0C32C54F8DA0057080E = {
						CreatedOnToolsVersion = 15.0.1;
					};
					F69BD0D52C54F8DB0057080E = {
						CreatedOnToolsVersion = 15.0.1;
						TestTargetID = F69BD0C32C54F8DA0057080E;
					};
					F69BD0DF2C54F8DB0057080E = {
						CreatedOnToolsVersion = 15.0.1;
						TestTargetID = F69BD0C32C54F8DA0057080E;
					};
				};
			};
			buildConfigurationList = F69BD0BF2C54F8DA0057080E /* Build configuration list for PBXProject "iTrainer" */;
			compatibilityVersion = "Xcode 14.0";
			developmentRegion = en;
			hasScannedForEncodings = 0;
			knownRegions = (
				en,
				Base,
			);
			mainGroup = F69BD0BB2C54F8DA0057080E;
			packageReferences = (
				F69BD10F2C54FEA70057080E /* XCRemoteSwiftPackageReference "Alamofire" */,
				F69BD11F2C550A5C0057080E /* XCRemoteSwiftPackageReference "SDWebImageSwiftUI" */,
			);
			productRefGroup = F69BD0C52C54F8DA0057080E /* Products */;
			projectDirPath = "";
			projectRoot = "";
			targets = (
				F69BD0C32C54F8DA0057080E /* iTrainer */,
				F69BD0D52C54F8DB0057080E /* iTrainerTests */,
				F69BD0DF2C54F8DB0057080E /* iTrainerUITests */,
			);
		};
/* End PBXProject section */

/* Begin PBXResourcesBuildPhase section */
		F69BD0C22C54F8DA0057080E /* Resources */ = {
			isa = PBXResourcesBuildPhase;
			buildActionMask = 2147483647;
			files = (
				F69BD0D12C54F8DB0057080E /* Preview Assets.xcassets in Resources */,
				F69BD0CE2C54F8DB0057080E /* Assets.xcassets in Resources */,
			);
			runOnlyForDeploymentPostprocessing = 0;
		};
		F69BD0D42C54F8DB0057080E /* Resources */ = {
			isa = PBXResourcesBuildPhase;
			buildActionMask = 2147483647;
			files = (
			);
			runOnlyForDeploymentPostprocessing = 0;
		};
		F69BD0DE2C54F8DB0057080E /* Resources */ = {
			isa = PBXResourcesBuildPhase;
			buildActionMask = 2147483647;
			files = (
			);
			runOnlyForDeploymentPostprocessing = 0;
		};
/* End PBXResourcesBuildPhase section */

/* Begin PBXSourcesBuildPhase section */
		F69BD0C02C54F8DA0057080E /* Sources */ = {
			isa = PBXSourcesBuildPhase;
			buildActionMask = 2147483647;
			files = (
				F66CBE2F2C8DDEB50025B87F /* ReportSetsModelDB.swift in Sources */,
				F6EA7BD62C57B2C4005225A0 /* WorkoutGroupListViewModel.swift in Sources */,
				F6946BC52C8C5FD300089148 /* ReportWorkoutModelDB.swift in Sources */,
				F69BD1252C5519AA0057080E /* DataItemsProtocol.swift in Sources */,
				F630C9512C79E92F00049730 /* AKTextFieldStyle.swift in Sources */,
				F69BD0CA2C54F8DA0057080E /* ContentView.swift in Sources */,
				F6078BA32C5CF1BE00531302 /* EditSetsView.swift in Sources */,
				F6EA7BD82C57D898005225A0 /* WorkoutListCell.swift in Sources */,
				F69BD12E2C551B4F0057080E /* SetsModelDB.swift in Sources */,
				F6EA7BDE2C57DE6F005225A0 /* ExerciseCell.swift in Sources */,
				F69BD11E2C5507200057080E /* DataManagerBackground.swift in Sources */,
				F69BD11C2C5506B70057080E /* WorkoutListView.swift in Sources */,
				F69BD1142C5500580057080E /* ServiceRouter.swift in Sources */,
				F6EA7BCE2C57ACEF005225A0 /* WorkoutGroupModel.swift in Sources */,
				F6EA7BD02C57AD03005225A0 /* ExerciseModel.swift in Sources */,
				F6F4CF282C6B71D600A5BBA9 /* ExerciseTypeListView.swift in Sources */,
				F69BD0FD2C54FB190057080E /* AKDisabledButtonStyle.swift in Sources */,
				F69BD0CC2C54F8DA0057080E /* Item.swift in Sources */,
				F69BD0C82C54F8DA0057080E /* iTrainerApp.swift in Sources */,
				F69BD1272C551B040057080E /* WorkoutModelDB.swift in Sources */,
				F66CBE342C8DEBA80025B87F /* ReportExerciseModel.swift in Sources */,
				F6E4161F2C7F982500E77EB4 /* Distance+Utils.swift in Sources */,
				F66CBE362C8DECF10025B87F /* ReportSetsModel.swift in Sources */,
				F6EA7BD22C57AD17005225A0 /* SetsModel.swift in Sources */,
				F6EA7BDA2C57DA0F005225A0 /* WorkoutGroupCell.swift in Sources */,
				F6EA7BE62C57F861005225A0 /* SetsCell.swift in Sources */,
				F69BD12A2C551B270057080E /* WorkoutGroupModelDB.swift in Sources */,
				F6C821C92C6FA2FF00A64CD1 /* SelectExerciseBarView.swift in Sources */,
				F6EA7BE22C57F324005225A0 /* ExerciseView.swift in Sources */,
				F66CBE322C8DEA2A0025B87F /* ReportWorkoutModel.swift in Sources */,
				F6DD68B12C650CAE004EFB03 /* MuscleTypeView.swift in Sources */,
				F69BD0FF2C54FBC10057080E /* View+Utils.swift in Sources */,
				F69BD1012C54FBEE0057080E /* NetworkUtils.swift in Sources */,
				F66CBE2D2C8DD8A80025B87F /* ReportExerciseModelDB.swift in Sources */,
				F6CB90432C7794BF002529A6 /* SetEditCell.swift in Sources */,
				F69BD0FB2C54FB0E0057080E /* MailView.swift in Sources */,
				F6EA7BCA2C578BAF005225A0 /* WorkoutListViewModel.swift in Sources */,
				F62818452C62408D003642F8 /* ExerciseTypeModel.swift in Sources */,
				F68D60672C76193500783E54 /* TimeInterval+Utils.swift in Sources */,
				F6EA7BE02C57DEF6005225A0 /* ExerciseListViewModel.swift in Sources */,
				F6EA7BE42C57F6F9005225A0 /* ExerciseViewModel.swift in Sources */,
				F69BD10A2C54FC170057080E /* ServiceErrors.swift in Sources */,
				F62818482C6249B7003642F8 /* MuscleType.swift in Sources */,
				F6180DDB2C5A6D55009A23A7 /* EditNameView.swift in Sources */,
				F69BD1232C550E8F0057080E /* DataContainer.swift in Sources */,
				F6CB90412C7768ED002529A6 /* ExerciseEditViewModel.swift in Sources */,
				F6EA7BD42C57B2A3005225A0 /* WorkoutGroupListView.swift in Sources */,
				F68D60652C760C4B00783E54 /* CircularProgressView.swift in Sources */,
				F6EA7BCC2C579333005225A0 /* WorkoutModel.swift in Sources */,
				F6DD68AF2C65050A004EFB03 /* ExerciseTypeViewModel.swift in Sources */,
				F69BD1152C5500580057080E /* ServiceNetworkProvider.swift in Sources */,
				F69BD1072C54FC170057080E /* NetworkClient.swift in Sources */,
				F6CB903F2C77687E002529A6 /* ExerciseEditView.swift in Sources */,
				F69BD1092C54FC170057080E /* NetworkProvider.swift in Sources */,
				F6DD68AD2C6503C9004EFB03 /* ExerciseTypeCell.swift in Sources */,
				F6EA7BDC2C57DDF0005225A0 /* ExerciseListView.swift in Sources */,
				F6DD68AB2C64FF71004EFB03 /* ExerciseTypeView.swift in Sources */,
				F69BD12C2C551B400057080E /* ExerciseModelDB.swift in Sources */,
			);
			runOnlyForDeploymentPostprocessing = 0;
		};
		F69BD0D22C54F8DB0057080E /* Sources */ = {
			isa = PBXSourcesBuildPhase;
			buildActionMask = 2147483647;
			files = (
				F69BD0DB2C54F8DB0057080E /* iTrainerTests.swift in Sources */,
			);
			runOnlyForDeploymentPostprocessing = 0;
		};
		F69BD0DC2C54F8DB0057080E /* Sources */ = {
			isa = PBXSourcesBuildPhase;
			buildActionMask = 2147483647;
			files = (
				F69BD0E72C54F8DB0057080E /* iTrainerUITestsLaunchTests.swift in Sources */,
				F69BD0E52C54F8DB0057080E /* iTrainerUITests.swift in Sources */,
			);
			runOnlyForDeploymentPostprocessing = 0;
		};
/* End PBXSourcesBuildPhase section */

/* Begin PBXTargetDependency section */
		F69BD0D82C54F8DB0057080E /* PBXTargetDependency */ = {
			isa = PBXTargetDependency;
			target = F69BD0C32C54F8DA0057080E /* iTrainer */;
			targetProxy = F69BD0D72C54F8DB0057080E /* PBXContainerItemProxy */;
		};
		F69BD0E22C54F8DB0057080E /* PBXTargetDependency */ = {
			isa = PBXTargetDependency;
			target = F69BD0C32C54F8DA0057080E /* iTrainer */;
			targetProxy = F69BD0E12C54F8DB0057080E /* PBXContainerItemProxy */;
		};
/* End PBXTargetDependency section */

/* Begin XCBuildConfiguration section */
		F69BD0E82C54F8DB0057080E /* Debug */ = {
			isa = XCBuildConfiguration;
			buildSettings = {
				ALWAYS_SEARCH_USER_PATHS = NO;
				ASSETCATALOG_COMPILER_GENERATE_SWIFT_ASSET_SYMBOL_EXTENSIONS = YES;
				CLANG_ANALYZER_NONNULL = YES;
				CLANG_ANALYZER_NUMBER_OBJECT_CONVERSION = YES_AGGRESSIVE;
				CLANG_CXX_LANGUAGE_STANDARD = "gnu++20";
				CLANG_ENABLE_MODULES = YES;
				CLANG_ENABLE_OBJC_ARC = YES;
				CLANG_ENABLE_OBJC_WEAK = YES;
				CLANG_WARN_BLOCK_CAPTURE_AUTORELEASING = YES;
				CLANG_WARN_BOOL_CONVERSION = YES;
				CLANG_WARN_COMMA = YES;
				CLANG_WARN_CONSTANT_CONVERSION = YES;
				CLANG_WARN_DEPRECATED_OBJC_IMPLEMENTATIONS = YES;
				CLANG_WARN_DIRECT_OBJC_ISA_USAGE = YES_ERROR;
				CLANG_WARN_DOCUMENTATION_COMMENTS = YES;
				CLANG_WARN_EMPTY_BODY = YES;
				CLANG_WARN_ENUM_CONVERSION = YES;
				CLANG_WARN_INFINITE_RECURSION = YES;
				CLANG_WARN_INT_CONVERSION = YES;
				CLANG_WARN_NON_LITERAL_NULL_CONVERSION = YES;
				CLANG_WARN_OBJC_IMPLICIT_RETAIN_SELF = YES;
				CLANG_WARN_OBJC_LITERAL_CONVERSION = YES;
				CLANG_WARN_OBJC_ROOT_CLASS = YES_ERROR;
				CLANG_WARN_QUOTED_INCLUDE_IN_FRAMEWORK_HEADER = YES;
				CLANG_WARN_RANGE_LOOP_ANALYSIS = YES;
				CLANG_WARN_STRICT_PROTOTYPES = YES;
				CLANG_WARN_SUSPICIOUS_MOVE = YES;
				CLANG_WARN_UNGUARDED_AVAILABILITY = YES_AGGRESSIVE;
				CLANG_WARN_UNREACHABLE_CODE = YES;
				CLANG_WARN__DUPLICATE_METHOD_MATCH = YES;
				COPY_PHASE_STRIP = NO;
				DEBUG_INFORMATION_FORMAT = dwarf;
				ENABLE_STRICT_OBJC_MSGSEND = YES;
				ENABLE_TESTABILITY = YES;
				ENABLE_USER_SCRIPT_SANDBOXING = YES;
				GCC_C_LANGUAGE_STANDARD = gnu17;
				GCC_DYNAMIC_NO_PIC = NO;
				GCC_NO_COMMON_BLOCKS = YES;
				GCC_OPTIMIZATION_LEVEL = 0;
				GCC_PREPROCESSOR_DEFINITIONS = (
					"DEBUG=1",
					"$(inherited)",
				);
				GCC_WARN_64_TO_32_BIT_CONVERSION = YES;
				GCC_WARN_ABOUT_RETURN_TYPE = YES_ERROR;
				GCC_WARN_UNDECLARED_SELECTOR = YES;
				GCC_WARN_UNINITIALIZED_AUTOS = YES_AGGRESSIVE;
				GCC_WARN_UNUSED_FUNCTION = YES;
				GCC_WARN_UNUSED_VARIABLE = YES;
				IPHONEOS_DEPLOYMENT_TARGET = 17.0;
				LOCALIZATION_PREFERS_STRING_CATALOGS = YES;
				MTL_ENABLE_DEBUG_INFO = INCLUDE_SOURCE;
				MTL_FAST_MATH = YES;
				ONLY_ACTIVE_ARCH = YES;
				SDKROOT = iphoneos;
				SWIFT_ACTIVE_COMPILATION_CONDITIONS = "DEBUG $(inherited)";
				SWIFT_OPTIMIZATION_LEVEL = "-Onone";
			};
			name = Debug;
		};
		F69BD0E92C54F8DB0057080E /* Release */ = {
			isa = XCBuildConfiguration;
			buildSettings = {
				ALWAYS_SEARCH_USER_PATHS = NO;
				ASSETCATALOG_COMPILER_GENERATE_SWIFT_ASSET_SYMBOL_EXTENSIONS = YES;
				CLANG_ANALYZER_NONNULL = YES;
				CLANG_ANALYZER_NUMBER_OBJECT_CONVERSION = YES_AGGRESSIVE;
				CLANG_CXX_LANGUAGE_STANDARD = "gnu++20";
				CLANG_ENABLE_MODULES = YES;
				CLANG_ENABLE_OBJC_ARC = YES;
				CLANG_ENABLE_OBJC_WEAK = YES;
				CLANG_WARN_BLOCK_CAPTURE_AUTORELEASING = YES;
				CLANG_WARN_BOOL_CONVERSION = YES;
				CLANG_WARN_COMMA = YES;
				CLANG_WARN_CONSTANT_CONVERSION = YES;
				CLANG_WARN_DEPRECATED_OBJC_IMPLEMENTATIONS = YES;
				CLANG_WARN_DIRECT_OBJC_ISA_USAGE = YES_ERROR;
				CLANG_WARN_DOCUMENTATION_COMMENTS = YES;
				CLANG_WARN_EMPTY_BODY = YES;
				CLANG_WARN_ENUM_CONVERSION = YES;
				CLANG_WARN_INFINITE_RECURSION = YES;
				CLANG_WARN_INT_CONVERSION = YES;
				CLANG_WARN_NON_LITERAL_NULL_CONVERSION = YES;
				CLANG_WARN_OBJC_IMPLICIT_RETAIN_SELF = YES;
				CLANG_WARN_OBJC_LITERAL_CONVERSION = YES;
				CLANG_WARN_OBJC_ROOT_CLASS = YES_ERROR;
				CLANG_WARN_QUOTED_INCLUDE_IN_FRAMEWORK_HEADER = YES;
				CLANG_WARN_RANGE_LOOP_ANALYSIS = YES;
				CLANG_WARN_STRICT_PROTOTYPES = YES;
				CLANG_WARN_SUSPICIOUS_MOVE = YES;
				CLANG_WARN_UNGUARDED_AVAILABILITY = YES_AGGRESSIVE;
				CLANG_WARN_UNREACHABLE_CODE = YES;
				CLANG_WARN__DUPLICATE_METHOD_MATCH = YES;
				COPY_PHASE_STRIP = NO;
				DEBUG_INFORMATION_FORMAT = "dwarf-with-dsym";
				ENABLE_NS_ASSERTIONS = NO;
				ENABLE_STRICT_OBJC_MSGSEND = YES;
				ENABLE_USER_SCRIPT_SANDBOXING = YES;
				GCC_C_LANGUAGE_STANDARD = gnu17;
				GCC_NO_COMMON_BLOCKS = YES;
				GCC_WARN_64_TO_32_BIT_CONVERSION = YES;
				GCC_WARN_ABOUT_RETURN_TYPE = YES_ERROR;
				GCC_WARN_UNDECLARED_SELECTOR = YES;
				GCC_WARN_UNINITIALIZED_AUTOS = YES_AGGRESSIVE;
				GCC_WARN_UNUSED_FUNCTION = YES;
				GCC_WARN_UNUSED_VARIABLE = YES;
				IPHONEOS_DEPLOYMENT_TARGET = 17.0;
				LOCALIZATION_PREFERS_STRING_CATALOGS = YES;
				MTL_ENABLE_DEBUG_INFO = NO;
				MTL_FAST_MATH = YES;
				SDKROOT = iphoneos;
				SWIFT_COMPILATION_MODE = wholemodule;
				VALIDATE_PRODUCT = YES;
			};
			name = Release;
		};
		F69BD0EB2C54F8DB0057080E /* Debug */ = {
			isa = XCBuildConfiguration;
			buildSettings = {
				ASSETCATALOG_COMPILER_APPICON_NAME = AppIcon;
				ASSETCATALOG_COMPILER_GLOBAL_ACCENT_COLOR_NAME = AccentColor;
				CODE_SIGN_STYLE = Automatic;
				CURRENT_PROJECT_VERSION = 1;
				DEVELOPMENT_ASSET_PATHS = "\"iTrainer/Preview Content\"";
				DEVELOPMENT_TEAM = G55R78L3UN;
				ENABLE_PREVIEWS = YES;
				GENERATE_INFOPLIST_FILE = YES;
				INFOPLIST_KEY_UIApplicationSceneManifest_Generation = YES;
				INFOPLIST_KEY_UIApplicationSupportsIndirectInputEvents = YES;
				INFOPLIST_KEY_UILaunchScreen_Generation = YES;
				INFOPLIST_KEY_UISupportedInterfaceOrientations_iPad = "UIInterfaceOrientationPortrait UIInterfaceOrientationPortraitUpsideDown UIInterfaceOrientationLandscapeLeft UIInterfaceOrientationLandscapeRight";
				INFOPLIST_KEY_UISupportedInterfaceOrientations_iPhone = "UIInterfaceOrientationPortrait UIInterfaceOrientationLandscapeLeft UIInterfaceOrientationLandscapeRight";
				LD_RUNPATH_SEARCH_PATHS = (
					"$(inherited)",
					"@executable_path/Frameworks",
				);
				MARKETING_VERSION = 1.0;
				PRODUCT_BUNDLE_IDENTIFIER = qwe.iTrainer;
				PRODUCT_NAME = "$(TARGET_NAME)";
				SWIFT_EMIT_LOC_STRINGS = YES;
				SWIFT_VERSION = 5.0;
				TARGETED_DEVICE_FAMILY = "1,2";
			};
			name = Debug;
		};
		F69BD0EC2C54F8DB0057080E /* Release */ = {
			isa = XCBuildConfiguration;
			buildSettings = {
				ASSETCATALOG_COMPILER_APPICON_NAME = AppIcon;
				ASSETCATALOG_COMPILER_GLOBAL_ACCENT_COLOR_NAME = AccentColor;
				CODE_SIGN_STYLE = Automatic;
				CURRENT_PROJECT_VERSION = 1;
				DEVELOPMENT_ASSET_PATHS = "\"iTrainer/Preview Content\"";
				DEVELOPMENT_TEAM = G55R78L3UN;
				ENABLE_PREVIEWS = YES;
				GENERATE_INFOPLIST_FILE = YES;
				INFOPLIST_KEY_UIApplicationSceneManifest_Generation = YES;
				INFOPLIST_KEY_UIApplicationSupportsIndirectInputEvents = YES;
				INFOPLIST_KEY_UILaunchScreen_Generation = YES;
				INFOPLIST_KEY_UISupportedInterfaceOrientations_iPad = "UIInterfaceOrientationPortrait UIInterfaceOrientationPortraitUpsideDown UIInterfaceOrientationLandscapeLeft UIInterfaceOrientationLandscapeRight";
				INFOPLIST_KEY_UISupportedInterfaceOrientations_iPhone = "UIInterfaceOrientationPortrait UIInterfaceOrientationLandscapeLeft UIInterfaceOrientationLandscapeRight";
				LD_RUNPATH_SEARCH_PATHS = (
					"$(inherited)",
					"@executable_path/Frameworks",
				);
				MARKETING_VERSION = 1.0;
				PRODUCT_BUNDLE_IDENTIFIER = qwe.iTrainer;
				PRODUCT_NAME = "$(TARGET_NAME)";
				SWIFT_EMIT_LOC_STRINGS = YES;
				SWIFT_VERSION = 5.0;
				TARGETED_DEVICE_FAMILY = "1,2";
			};
			name = Release;
		};
		F69BD0EE2C54F8DB0057080E /* Debug */ = {
			isa = XCBuildConfiguration;
			buildSettings = {
				ALWAYS_EMBED_SWIFT_STANDARD_LIBRARIES = YES;
				BUNDLE_LOADER = "$(TEST_HOST)";
				CODE_SIGN_STYLE = Automatic;
				CURRENT_PROJECT_VERSION = 1;
				DEVELOPMENT_TEAM = G55R78L3UN;
				GENERATE_INFOPLIST_FILE = YES;
				IPHONEOS_DEPLOYMENT_TARGET = 17.0;
				MARKETING_VERSION = 1.0;
				PRODUCT_BUNDLE_IDENTIFIER = qwe.iTrainerTests;
				PRODUCT_NAME = "$(TARGET_NAME)";
				SWIFT_EMIT_LOC_STRINGS = NO;
				SWIFT_VERSION = 5.0;
				TARGETED_DEVICE_FAMILY = "1,2";
				TEST_HOST = "$(BUILT_PRODUCTS_DIR)/iTrainer.app/$(BUNDLE_EXECUTABLE_FOLDER_PATH)/iTrainer";
			};
			name = Debug;
		};
		F69BD0EF2C54F8DB0057080E /* Release */ = {
			isa = XCBuildConfiguration;
			buildSettings = {
				ALWAYS_EMBED_SWIFT_STANDARD_LIBRARIES = YES;
				BUNDLE_LOADER = "$(TEST_HOST)";
				CODE_SIGN_STYLE = Automatic;
				CURRENT_PROJECT_VERSION = 1;
				DEVELOPMENT_TEAM = G55R78L3UN;
				GENERATE_INFOPLIST_FILE = YES;
				IPHONEOS_DEPLOYMENT_TARGET = 17.0;
				MARKETING_VERSION = 1.0;
				PRODUCT_BUNDLE_IDENTIFIER = qwe.iTrainerTests;
				PRODUCT_NAME = "$(TARGET_NAME)";
				SWIFT_EMIT_LOC_STRINGS = NO;
				SWIFT_VERSION = 5.0;
				TARGETED_DEVICE_FAMILY = "1,2";
				TEST_HOST = "$(BUILT_PRODUCTS_DIR)/iTrainer.app/$(BUNDLE_EXECUTABLE_FOLDER_PATH)/iTrainer";
			};
			name = Release;
		};
		F69BD0F12C54F8DB0057080E /* Debug */ = {
			isa = XCBuildConfiguration;
			buildSettings = {
				ALWAYS_EMBED_SWIFT_STANDARD_LIBRARIES = YES;
				CODE_SIGN_STYLE = Automatic;
				CURRENT_PROJECT_VERSION = 1;
				DEVELOPMENT_TEAM = G55R78L3UN;
				GENERATE_INFOPLIST_FILE = YES;
				MARKETING_VERSION = 1.0;
				PRODUCT_BUNDLE_IDENTIFIER = qwe.iTrainerUITests;
				PRODUCT_NAME = "$(TARGET_NAME)";
				SWIFT_EMIT_LOC_STRINGS = NO;
				SWIFT_VERSION = 5.0;
				TARGETED_DEVICE_FAMILY = "1,2";
				TEST_TARGET_NAME = iTrainer;
			};
			name = Debug;
		};
		F69BD0F22C54F8DB0057080E /* Release */ = {
			isa = XCBuildConfiguration;
			buildSettings = {
				ALWAYS_EMBED_SWIFT_STANDARD_LIBRARIES = YES;
				CODE_SIGN_STYLE = Automatic;
				CURRENT_PROJECT_VERSION = 1;
				DEVELOPMENT_TEAM = G55R78L3UN;
				GENERATE_INFOPLIST_FILE = YES;
				MARKETING_VERSION = 1.0;
				PRODUCT_BUNDLE_IDENTIFIER = qwe.iTrainerUITests;
				PRODUCT_NAME = "$(TARGET_NAME)";
				SWIFT_EMIT_LOC_STRINGS = NO;
				SWIFT_VERSION = 5.0;
				TARGETED_DEVICE_FAMILY = "1,2";
				TEST_TARGET_NAME = iTrainer;
			};
			name = Release;
		};
/* End XCBuildConfiguration section */

/* Begin XCConfigurationList section */
		F69BD0BF2C54F8DA0057080E /* Build configuration list for PBXProject "iTrainer" */ = {
			isa = XCConfigurationList;
			buildConfigurations = (
				F69BD0E82C54F8DB0057080E /* Debug */,
				F69BD0E92C54F8DB0057080E /* Release */,
			);
			defaultConfigurationIsVisible = 0;
			defaultConfigurationName = Release;
		};
		F69BD0EA2C54F8DB0057080E /* Build configuration list for PBXNativeTarget "iTrainer" */ = {
			isa = XCConfigurationList;
			buildConfigurations = (
				F69BD0EB2C54F8DB0057080E /* Debug */,
				F69BD0EC2C54F8DB0057080E /* Release */,
			);
			defaultConfigurationIsVisible = 0;
			defaultConfigurationName = Release;
		};
		F69BD0ED2C54F8DB0057080E /* Build configuration list for PBXNativeTarget "iTrainerTests" */ = {
			isa = XCConfigurationList;
			buildConfigurations = (
				F69BD0EE2C54F8DB0057080E /* Debug */,
				F69BD0EF2C54F8DB0057080E /* Release */,
			);
			defaultConfigurationIsVisible = 0;
			defaultConfigurationName = Release;
		};
		F69BD0F02C54F8DB0057080E /* Build configuration list for PBXNativeTarget "iTrainerUITests" */ = {
			isa = XCConfigurationList;
			buildConfigurations = (
				F69BD0F12C54F8DB0057080E /* Debug */,
				F69BD0F22C54F8DB0057080E /* Release */,
			);
			defaultConfigurationIsVisible = 0;
			defaultConfigurationName = Release;
		};
/* End XCConfigurationList section */

/* Begin XCRemoteSwiftPackageReference section */
		F69BD10F2C54FEA70057080E /* XCRemoteSwiftPackageReference "Alamofire" */ = {
			isa = XCRemoteSwiftPackageReference;
			repositoryURL = "https://github.com/Alamofire/Alamofire.git";
			requirement = {
				kind = exactVersion;
				version = 5.4.3;
			};
		};
		F69BD11F2C550A5C0057080E /* XCRemoteSwiftPackageReference "SDWebImageSwiftUI" */ = {
			isa = XCRemoteSwiftPackageReference;
			repositoryURL = "https://github.com/SDWebImage/SDWebImageSwiftUI.git";
			requirement = {
				kind = upToNextMajorVersion;
				minimumVersion = 3.1.1;
			};
		};
/* End XCRemoteSwiftPackageReference section */

/* Begin XCSwiftPackageProductDependency section */
		F69BD1102C54FEA70057080E /* Alamofire */ = {
			isa = XCSwiftPackageProductDependency;
			package = F69BD10F2C54FEA70057080E /* XCRemoteSwiftPackageReference "Alamofire" */;
			productName = Alamofire;
		};
		F69BD1202C550A5C0057080E /* SDWebImageSwiftUI */ = {
			isa = XCSwiftPackageProductDependency;
			package = F69BD11F2C550A5C0057080E /* XCRemoteSwiftPackageReference "SDWebImageSwiftUI" */;
			productName = SDWebImageSwiftUI;
		};
/* End XCSwiftPackageProductDependency section */
	};
	rootObject = F69BD0BC2C54F8DA0057080E /* Project object */;
}
